// !$*UTF8*$!
{
	archiveVersion = 1;
	classes = {
	};
	objectVersion = 56;
	objects = {

/* Begin PBXBuildFile section */
		8E19458F2A3269C900CBB4B4 /* MessengerApp.swift in Sources */ = {isa = PBXBuildFile; fileRef = 8E19458E2A3269C900CBB4B4 /* MessengerApp.swift */; };
		8E1945912A3269C900CBB4B4 /* MainScreenView.swift in Sources */ = {isa = PBXBuildFile; fileRef = 8E1945902A3269C900CBB4B4 /* MainScreenView.swift */; };
		8E1945932A3269CA00CBB4B4 /* Assets.xcassets in Resources */ = {isa = PBXBuildFile; fileRef = 8E1945922A3269CA00CBB4B4 /* Assets.xcassets */; };
		8E1945962A3269CA00CBB4B4 /* Preview Assets.xcassets in Resources */ = {isa = PBXBuildFile; fileRef = 8E1945952A3269CA00CBB4B4 /* Preview Assets.xcassets */; };
		8E19459F2A326AAF00CBB4B4 /* Roboto-Light.ttf in Resources */ = {isa = PBXBuildFile; fileRef = 8E19459E2A326AAF00CBB4B4 /* Roboto-Light.ttf */; };
		8E1945A32A326AC600CBB4B4 /* Roboto-Medium.ttf in Resources */ = {isa = PBXBuildFile; fileRef = 8E1945A02A326AC500CBB4B4 /* Roboto-Medium.ttf */; };
		8E1945A42A326AC600CBB4B4 /* Roboto-Regular.ttf in Resources */ = {isa = PBXBuildFile; fileRef = 8E1945A12A326AC500CBB4B4 /* Roboto-Regular.ttf */; };
		8E1945A52A326AC600CBB4B4 /* Roboto-Bold.ttf in Resources */ = {isa = PBXBuildFile; fileRef = 8E1945A22A326AC500CBB4B4 /* Roboto-Bold.ttf */; };
		8E1945AA2A326C0E00CBB4B4 /* Fonts.swift in Sources */ = {isa = PBXBuildFile; fileRef = 8E1945A92A326C0E00CBB4B4 /* Fonts.swift */; };
		8E1945AC2A326DCA00CBB4B4 /* NetworkService.swift in Sources */ = {isa = PBXBuildFile; fileRef = 8E1945AB2A326DCA00CBB4B4 /* NetworkService.swift */; };
		8E34C2882A33908B009C40FA /* Constants.swift in Sources */ = {isa = PBXBuildFile; fileRef = 8E34C2872A33908B009C40FA /* Constants.swift */; };
		8E34C28A2A3392F0009C40FA /* BaseNetworkRequestModel.swift in Sources */ = {isa = PBXBuildFile; fileRef = 8E34C2892A3392F0009C40FA /* BaseNetworkRequestModel.swift */; };
		8E34C28D2A339329009C40FA /* SendAuthCode.swift in Sources */ = {isa = PBXBuildFile; fileRef = 8E34C28C2A339329009C40FA /* SendAuthCode.swift */; };
		8E34C2922A33AF0B009C40FA /* SendAuthCodeResponse.swift in Sources */ = {isa = PBXBuildFile; fileRef = 8E34C2912A33AF0B009C40FA /* SendAuthCodeResponse.swift */; };
		8E34C2952A33E776009C40FA /* BaseNetworkTask.swift in Sources */ = {isa = PBXBuildFile; fileRef = 8E34C2942A33E776009C40FA /* BaseNetworkTask.swift */; };
		8E9032FC2A34E71B00445809 /* MainScreenViewModel.swift in Sources */ = {isa = PBXBuildFile; fileRef = 8E9032FB2A34E71B00445809 /* MainScreenViewModel.swift */; };
		8E9033032A35060000445809 /* Alamofire in Frameworks */ = {isa = PBXBuildFile; productRef = 8E9033022A35060000445809 /* Alamofire */; };
		8E9033072A3545AA00445809 /* Colors.xcassets in Resources */ = {isa = PBXBuildFile; fileRef = 8E9033062A3545AA00445809 /* Colors.xcassets */; };
/* End PBXBuildFile section */

/* Begin PBXFileReference section */
		8E19458B2A3269C900CBB4B4 /* Messenger.app */ = {isa = PBXFileReference; explicitFileType = wrapper.application; includeInIndex = 0; path = Messenger.app; sourceTree = BUILT_PRODUCTS_DIR; };
		8E19458E2A3269C900CBB4B4 /* MessengerApp.swift */ = {isa = PBXFileReference; lastKnownFileType = sourcecode.swift; path = MessengerApp.swift; sourceTree = "<group>"; };
		8E1945902A3269C900CBB4B4 /* MainScreenView.swift */ = {isa = PBXFileReference; lastKnownFileType = sourcecode.swift; path = MainScreenView.swift; sourceTree = "<group>"; };
		8E1945922A3269CA00CBB4B4 /* Assets.xcassets */ = {isa = PBXFileReference; lastKnownFileType = folder.assetcatalog; path = Assets.xcassets; sourceTree = "<group>"; };
		8E1945952A3269CA00CBB4B4 /* Preview Assets.xcassets */ = {isa = PBXFileReference; lastKnownFileType = folder.assetcatalog; path = "Preview Assets.xcassets"; sourceTree = "<group>"; };
		8E19459E2A326AAF00CBB4B4 /* Roboto-Light.ttf */ = {isa = PBXFileReference; lastKnownFileType = file; path = "Roboto-Light.ttf"; sourceTree = "<group>"; };
		8E1945A02A326AC500CBB4B4 /* Roboto-Medium.ttf */ = {isa = PBXFileReference; lastKnownFileType = file; path = "Roboto-Medium.ttf"; sourceTree = "<group>"; };
		8E1945A12A326AC500CBB4B4 /* Roboto-Regular.ttf */ = {isa = PBXFileReference; lastKnownFileType = file; path = "Roboto-Regular.ttf"; sourceTree = "<group>"; };
		8E1945A22A326AC500CBB4B4 /* Roboto-Bold.ttf */ = {isa = PBXFileReference; lastKnownFileType = file; path = "Roboto-Bold.ttf"; sourceTree = "<group>"; };
		8E1945A62A326AE500CBB4B4 /* Info.plist */ = {isa = PBXFileReference; lastKnownFileType = text.plist; path = Info.plist; sourceTree = "<group>"; };
		8E1945A92A326C0E00CBB4B4 /* Fonts.swift */ = {isa = PBXFileReference; lastKnownFileType = sourcecode.swift; path = Fonts.swift; sourceTree = "<group>"; };
		8E1945AB2A326DCA00CBB4B4 /* NetworkService.swift */ = {isa = PBXFileReference; lastKnownFileType = sourcecode.swift; path = NetworkService.swift; sourceTree = "<group>"; };
		8E34C2872A33908B009C40FA /* Constants.swift */ = {isa = PBXFileReference; lastKnownFileType = sourcecode.swift; path = Constants.swift; sourceTree = "<group>"; };
		8E34C2892A3392F0009C40FA /* BaseNetworkRequestModel.swift */ = {isa = PBXFileReference; lastKnownFileType = sourcecode.swift; path = BaseNetworkRequestModel.swift; sourceTree = "<group>"; };
		8E34C28C2A339329009C40FA /* SendAuthCode.swift */ = {isa = PBXFileReference; lastKnownFileType = sourcecode.swift; path = SendAuthCode.swift; sourceTree = "<group>"; };
		8E34C2912A33AF0B009C40FA /* SendAuthCodeResponse.swift */ = {isa = PBXFileReference; lastKnownFileType = sourcecode.swift; path = SendAuthCodeResponse.swift; sourceTree = "<group>"; };
		8E34C2942A33E776009C40FA /* BaseNetworkTask.swift */ = {isa = PBXFileReference; lastKnownFileType = sourcecode.swift; path = BaseNetworkTask.swift; sourceTree = "<group>"; };
		8E9032FB2A34E71B00445809 /* MainScreenViewModel.swift */ = {isa = PBXFileReference; lastKnownFileType = sourcecode.swift; path = MainScreenViewModel.swift; sourceTree = "<group>"; };
		8E9033062A3545AA00445809 /* Colors.xcassets */ = {isa = PBXFileReference; lastKnownFileType = folder.assetcatalog; path = Colors.xcassets; sourceTree = "<group>"; };
/* End PBXFileReference section */

/* Begin PBXFrameworksBuildPhase section */
		8E1945882A3269C900CBB4B4 /* Frameworks */ = {
			isa = PBXFrameworksBuildPhase;
			buildActionMask = 2147483647;
			files = (
				8E9033032A35060000445809 /* Alamofire in Frameworks */,
			);
			runOnlyForDeploymentPostprocessing = 0;
		};
/* End PBXFrameworksBuildPhase section */

/* Begin PBXGroup section */
		8E1945822A3269C900CBB4B4 = {
			isa = PBXGroup;
			children = (
				8E19458D2A3269C900CBB4B4 /* Messenger */,
				8E19458C2A3269C900CBB4B4 /* Products */,
			);
			sourceTree = "<group>";
		};
		8E19458C2A3269C900CBB4B4 /* Products */ = {
			isa = PBXGroup;
			children = (
				8E19458B2A3269C900CBB4B4 /* Messenger.app */,
			);
			name = Products;
			sourceTree = "<group>";
		};
		8E19458D2A3269C900CBB4B4 /* Messenger */ = {
			isa = PBXGroup;
			children = (
				8E9032FE2A34E74500445809 /* App */,
				8E9033002A35055A00445809 /* Networking */,
				8E9032FD2A34E73E00445809 /* Screens */,
				8E34C2932A33E6F4009C40FA /* Utilities */,
				8E34C2852A339074009C40FA /* Constants */,
				8E1945A62A326AE500CBB4B4 /* Info.plist */,
				8E1945A72A326BFF00CBB4B4 /* Theme */,
				8E19459C2A3269D700CBB4B4 /* Resources */,
				8E1945942A3269CA00CBB4B4 /* Preview Content */,
			);
			path = Messenger;
			sourceTree = "<group>";
		};
		8E1945942A3269CA00CBB4B4 /* Preview Content */ = {
			isa = PBXGroup;
			children = (
				8E1945952A3269CA00CBB4B4 /* Preview Assets.xcassets */,
			);
			path = "Preview Content";
			sourceTree = "<group>";
		};
		8E19459C2A3269D700CBB4B4 /* Resources */ = {
			isa = PBXGroup;
			children = (
				8E19459D2A3269E000CBB4B4 /* Fonts */,
				8E1945922A3269CA00CBB4B4 /* Assets.xcassets */,
			);
			path = Resources;
			sourceTree = "<group>";
		};
		8E19459D2A3269E000CBB4B4 /* Fonts */ = {
			isa = PBXGroup;
			children = (
				8E19459E2A326AAF00CBB4B4 /* Roboto-Light.ttf */,
				8E1945A22A326AC500CBB4B4 /* Roboto-Bold.ttf */,
				8E1945A02A326AC500CBB4B4 /* Roboto-Medium.ttf */,
				8E1945A12A326AC500CBB4B4 /* Roboto-Regular.ttf */,
			);
			path = Fonts;
			sourceTree = "<group>";
		};
		8E1945A72A326BFF00CBB4B4 /* Theme */ = {
			isa = PBXGroup;
			children = (
				8E1945A82A326C0600CBB4B4 /* Fonts */,
				8E9033062A3545AA00445809 /* Colors.xcassets */,
			);
			path = Theme;
			sourceTree = "<group>";
		};
		8E1945A82A326C0600CBB4B4 /* Fonts */ = {
			isa = PBXGroup;
			children = (
				8E1945A92A326C0E00CBB4B4 /* Fonts.swift */,
			);
			path = Fonts;
			sourceTree = "<group>";
		};
		8E34C2832A338756009C40FA /* NetworkService */ = {
			isa = PBXGroup;
			children = (
				8E34C28B2A339302009C40FA /* Requests */,
				8E34C2902A33AD29009C40FA /* Responses */,
				8E1945AB2A326DCA00CBB4B4 /* NetworkService.swift */,
			);
			path = NetworkService;
			sourceTree = "<group>";
		};
		8E34C2842A338761009C40FA /* Model */ = {
			isa = PBXGroup;
			children = (
				8E34C2892A3392F0009C40FA /* BaseNetworkRequestModel.swift */,
			);
			path = Model;
			sourceTree = "<group>";
		};
		8E34C2852A339074009C40FA /* Constants */ = {
			isa = PBXGroup;
			children = (
				8E34C2872A33908B009C40FA /* Constants.swift */,
			);
			path = Constants;
			sourceTree = "<group>";
		};
		8E34C28B2A339302009C40FA /* Requests */ = {
			isa = PBXGroup;
			children = (
				8E34C28C2A339329009C40FA /* SendAuthCode.swift */,
			);
			path = Requests;
			sourceTree = "<group>";
		};
		8E34C2902A33AD29009C40FA /* Responses */ = {
			isa = PBXGroup;
			children = (
				8E34C2912A33AF0B009C40FA /* SendAuthCodeResponse.swift */,
			);
			path = Responses;
			sourceTree = "<group>";
		};
		8E34C2932A33E6F4009C40FA /* Utilities */ = {
			isa = PBXGroup;
			children = (
			);
			path = Utilities;
			sourceTree = "<group>";
		};
		8E9032FD2A34E73E00445809 /* Screens */ = {
			isa = PBXGroup;
			children = (
				8E9032FF2A34E7CF00445809 /* MainScreen */,
			);
			path = Screens;
			sourceTree = "<group>";
		};
		8E9032FE2A34E74500445809 /* App */ = {
			isa = PBXGroup;
			children = (
				8E19458E2A3269C900CBB4B4 /* MessengerApp.swift */,
			);
			path = App;
			sourceTree = "<group>";
		};
		8E9032FF2A34E7CF00445809 /* MainScreen */ = {
			isa = PBXGroup;
			children = (
				8E1945902A3269C900CBB4B4 /* MainScreenView.swift */,
				8E9032FB2A34E71B00445809 /* MainScreenViewModel.swift */,
			);
			path = MainScreen;
			sourceTree = "<group>";
		};
		8E9033002A35055A00445809 /* Networking */ = {
			isa = PBXGroup;
			children = (
				8E34C2842A338761009C40FA /* Model */,
				8E34C2832A338756009C40FA /* NetworkService */,
				8E34C2942A33E776009C40FA /* BaseNetworkTask.swift */,
			);
			path = Networking;
			sourceTree = "<group>";
		};
/* End PBXGroup section */

/* Begin PBXNativeTarget section */
		8E19458A2A3269C900CBB4B4 /* Messenger */ = {
			isa = PBXNativeTarget;
			buildConfigurationList = 8E1945992A3269CA00CBB4B4 /* Build configuration list for PBXNativeTarget "Messenger" */;
			buildPhases = (
				8E1945872A3269C900CBB4B4 /* Sources */,
				8E1945882A3269C900CBB4B4 /* Frameworks */,
				8E1945892A3269C900CBB4B4 /* Resources */,
			);
			buildRules = (
			);
			dependencies = (
			);
			name = Messenger;
			packageProductDependencies = (
				8E9033022A35060000445809 /* Alamofire */,
			);
			productName = Messenger;
			productReference = 8E19458B2A3269C900CBB4B4 /* Messenger.app */;
			productType = "com.apple.product-type.application";
		};
/* End PBXNativeTarget section */

/* Begin PBXProject section */
		8E1945832A3269C900CBB4B4 /* Project object */ = {
			isa = PBXProject;
			attributes = {
				BuildIndependentTargetsInParallel = 1;
				LastSwiftUpdateCheck = 1420;
				LastUpgradeCheck = 1420;
				TargetAttributes = {
					8E19458A2A3269C900CBB4B4 = {
						CreatedOnToolsVersion = 14.2;
					};
				};
			};
			buildConfigurationList = 8E1945862A3269C900CBB4B4 /* Build configuration list for PBXProject "Messenger" */;
			compatibilityVersion = "Xcode 14.0";
			developmentRegion = en;
			hasScannedForEncodings = 0;
			knownRegions = (
				en,
				Base,
			);
			mainGroup = 8E1945822A3269C900CBB4B4;
			packageReferences = (
				8E9033012A35060000445809 /* XCRemoteSwiftPackageReference "Alamofire" */,
			);
			productRefGroup = 8E19458C2A3269C900CBB4B4 /* Products */;
			projectDirPath = "";
			projectRoot = "";
			targets = (
				8E19458A2A3269C900CBB4B4 /* Messenger */,
			);
		};
/* End PBXProject section */

/* Begin PBXResourcesBuildPhase section */
		8E1945892A3269C900CBB4B4 /* Resources */ = {
			isa = PBXResourcesBuildPhase;
			buildActionMask = 2147483647;
			files = (
				8E1945A32A326AC600CBB4B4 /* Roboto-Medium.ttf in Resources */,
				8E1945962A3269CA00CBB4B4 /* Preview Assets.xcassets in Resources */,
				8E1945A52A326AC600CBB4B4 /* Roboto-Bold.ttf in Resources */,
				8E1945A42A326AC600CBB4B4 /* Roboto-Regular.ttf in Resources */,
				8E1945932A3269CA00CBB4B4 /* Assets.xcassets in Resources */,
				8E19459F2A326AAF00CBB4B4 /* Roboto-Light.ttf in Resources */,
				8E9033072A3545AA00445809 /* Colors.xcassets in Resources */,
			);
			runOnlyForDeploymentPostprocessing = 0;
		};
/* End PBXResourcesBuildPhase section */

/* Begin PBXSourcesBuildPhase section */
		8E1945872A3269C900CBB4B4 /* Sources */ = {
			isa = PBXSourcesBuildPhase;
			buildActionMask = 2147483647;
			files = (
				8E34C2952A33E776009C40FA /* BaseNetworkTask.swift in Sources */,
				8E9032FC2A34E71B00445809 /* MainScreenViewModel.swift in Sources */,
				8E34C2882A33908B009C40FA /* Constants.swift in Sources */,
				8E1945AC2A326DCA00CBB4B4 /* NetworkService.swift in Sources */,
				8E34C28D2A339329009C40FA /* SendAuthCode.swift in Sources */,
				8E1945912A3269C900CBB4B4 /* MainScreenView.swift in Sources */,
				8E1945AA2A326C0E00CBB4B4 /* Fonts.swift in Sources */,
				8E34C28A2A3392F0009C40FA /* BaseNetworkRequestModel.swift in Sources */,
				8E19458F2A3269C900CBB4B4 /* MessengerApp.swift in Sources */,
				8E34C2922A33AF0B009C40FA /* SendAuthCodeResponse.swift in Sources */,
			);
			runOnlyForDeploymentPostprocessing = 0;
		};
/* End PBXSourcesBuildPhase section */

/* Begin XCBuildConfiguration section */
		8E1945972A3269CA00CBB4B4 /* Debug */ = {
			isa = XCBuildConfiguration;
			buildSettings = {
				ALWAYS_SEARCH_USER_PATHS = NO;
				CLANG_ANALYZER_NONNULL = YES;
				CLANG_ANALYZER_NUMBER_OBJECT_CONVERSION = YES_AGGRESSIVE;
				CLANG_CXX_LANGUAGE_STANDARD = "gnu++20";
				CLANG_ENABLE_MODULES = YES;
				CLANG_ENABLE_OBJC_ARC = YES;
				CLANG_ENABLE_OBJC_WEAK = YES;
				CLANG_WARN_BLOCK_CAPTURE_AUTORELEASING = YES;
				CLANG_WARN_BOOL_CONVERSION = YES;
				CLANG_WARN_COMMA = YES;
				CLANG_WARN_CONSTANT_CONVERSION = YES;
				CLANG_WARN_DEPRECATED_OBJC_IMPLEMENTATIONS = YES;
				CLANG_WARN_DIRECT_OBJC_ISA_USAGE = YES_ERROR;
				CLANG_WARN_DOCUMENTATION_COMMENTS = YES;
				CLANG_WARN_EMPTY_BODY = YES;
				CLANG_WARN_ENUM_CONVERSION = YES;
				CLANG_WARN_INFINITE_RECURSION = YES;
				CLANG_WARN_INT_CONVERSION = YES;
				CLANG_WARN_NON_LITERAL_NULL_CONVERSION = YES;
				CLANG_WARN_OBJC_IMPLICIT_RETAIN_SELF = YES;
				CLANG_WARN_OBJC_LITERAL_CONVERSION = YES;
				CLANG_WARN_OBJC_ROOT_CLASS = YES_ERROR;
				CLANG_WARN_QUOTED_INCLUDE_IN_FRAMEWORK_HEADER = YES;
				CLANG_WARN_RANGE_LOOP_ANALYSIS = YES;
				CLANG_WARN_STRICT_PROTOTYPES = YES;
				CLANG_WARN_SUSPICIOUS_MOVE = YES;
				CLANG_WARN_UNGUARDED_AVAILABILITY = YES_AGGRESSIVE;
				CLANG_WARN_UNREACHABLE_CODE = YES;
				CLANG_WARN__DUPLICATE_METHOD_MATCH = YES;
				COPY_PHASE_STRIP = NO;
				DEBUG_INFORMATION_FORMAT = dwarf;
				ENABLE_STRICT_OBJC_MSGSEND = YES;
				ENABLE_TESTABILITY = YES;
				GCC_C_LANGUAGE_STANDARD = gnu11;
				GCC_DYNAMIC_NO_PIC = NO;
				GCC_NO_COMMON_BLOCKS = YES;
				GCC_OPTIMIZATION_LEVEL = 0;
				GCC_PREPROCESSOR_DEFINITIONS = (
					"DEBUG=1",
					"$(inherited)",
				);
				GCC_WARN_64_TO_32_BIT_CONVERSION = YES;
				GCC_WARN_ABOUT_RETURN_TYPE = YES_ERROR;
				GCC_WARN_UNDECLARED_SELECTOR = YES;
				GCC_WARN_UNINITIALIZED_AUTOS = YES_AGGRESSIVE;
				GCC_WARN_UNUSED_FUNCTION = YES;
				GCC_WARN_UNUSED_VARIABLE = YES;
				IPHONEOS_DEPLOYMENT_TARGET = 16.2;
				MTL_ENABLE_DEBUG_INFO = INCLUDE_SOURCE;
				MTL_FAST_MATH = YES;
				ONLY_ACTIVE_ARCH = YES;
				SDKROOT = iphoneos;
				SWIFT_ACTIVE_COMPILATION_CONDITIONS = DEBUG;
				SWIFT_OPTIMIZATION_LEVEL = "-Onone";
			};
			name = Debug;
		};
		8E1945982A3269CA00CBB4B4 /* Release */ = {
			isa = XCBuildConfiguration;
			buildSettings = {
				ALWAYS_SEARCH_USER_PATHS = NO;
				CLANG_ANALYZER_NONNULL = YES;
				CLANG_ANALYZER_NUMBER_OBJECT_CONVERSION = YES_AGGRESSIVE;
				CLANG_CXX_LANGUAGE_STANDARD = "gnu++20";
				CLANG_ENABLE_MODULES = YES;
				CLANG_ENABLE_OBJC_ARC = YES;
				CLANG_ENABLE_OBJC_WEAK = YES;
				CLANG_WARN_BLOCK_CAPTURE_AUTORELEASING = YES;
				CLANG_WARN_BOOL_CONVERSION = YES;
				CLANG_WARN_COMMA = YES;
				CLANG_WARN_CONSTANT_CONVERSION = YES;
				CLANG_WARN_DEPRECATED_OBJC_IMPLEMENTATIONS = YES;
				CLANG_WARN_DIRECT_OBJC_ISA_USAGE = YES_ERROR;
				CLANG_WARN_DOCUMENTATION_COMMENTS = YES;
				CLANG_WARN_EMPTY_BODY = YES;
				CLANG_WARN_ENUM_CONVERSION = YES;
				CLANG_WARN_INFINITE_RECURSION = YES;
				CLANG_WARN_INT_CONVERSION = YES;
				CLANG_WARN_NON_LITERAL_NULL_CONVERSION = YES;
				CLANG_WARN_OBJC_IMPLICIT_RETAIN_SELF = YES;
				CLANG_WARN_OBJC_LITERAL_CONVERSION = YES;
				CLANG_WARN_OBJC_ROOT_CLASS = YES_ERROR;
				CLANG_WARN_QUOTED_INCLUDE_IN_FRAMEWORK_HEADER = YES;
				CLANG_WARN_RANGE_LOOP_ANALYSIS = YES;
				CLANG_WARN_STRICT_PROTOTYPES = YES;
				CLANG_WARN_SUSPICIOUS_MOVE = YES;
				CLANG_WARN_UNGUARDED_AVAILABILITY = YES_AGGRESSIVE;
				CLANG_WARN_UNREACHABLE_CODE = YES;
				CLANG_WARN__DUPLICATE_METHOD_MATCH = YES;
				COPY_PHASE_STRIP = NO;
				DEBUG_INFORMATION_FORMAT = "dwarf-with-dsym";
				ENABLE_NS_ASSERTIONS = NO;
				ENABLE_STRICT_OBJC_MSGSEND = YES;
				GCC_C_LANGUAGE_STANDARD = gnu11;
				GCC_NO_COMMON_BLOCKS = YES;
				GCC_WARN_64_TO_32_BIT_CONVERSION = YES;
				GCC_WARN_ABOUT_RETURN_TYPE = YES_ERROR;
				GCC_WARN_UNDECLARED_SELECTOR = YES;
				GCC_WARN_UNINITIALIZED_AUTOS = YES_AGGRESSIVE;
				GCC_WARN_UNUSED_FUNCTION = YES;
				GCC_WARN_UNUSED_VARIABLE = YES;
				IPHONEOS_DEPLOYMENT_TARGET = 16.2;
				MTL_ENABLE_DEBUG_INFO = NO;
				MTL_FAST_MATH = YES;
				SDKROOT = iphoneos;
				SWIFT_COMPILATION_MODE = wholemodule;
				SWIFT_OPTIMIZATION_LEVEL = "-O";
				VALIDATE_PRODUCT = YES;
			};
			name = Release;
		};
		8E19459A2A3269CA00CBB4B4 /* Debug */ = {
			isa = XCBuildConfiguration;
			buildSettings = {
				ASSETCATALOG_COMPILER_APPICON_NAME = AppIcon;
				ASSETCATALOG_COMPILER_GLOBAL_ACCENT_COLOR_NAME = AccentColor;
				CODE_SIGN_STYLE = Automatic;
				CURRENT_PROJECT_VERSION = 1;
				DEVELOPMENT_ASSET_PATHS = "\"Messenger/Preview Content\"";
				ENABLE_PREVIEWS = YES;
				GENERATE_INFOPLIST_FILE = YES;
				INFOPLIST_FILE = Messenger/Info.plist;
				INFOPLIST_KEY_UIApplicationSceneManifest_Generation = YES;
				INFOPLIST_KEY_UIApplicationSupportsIndirectInputEvents = YES;
				INFOPLIST_KEY_UILaunchScreen_Generation = YES;
				INFOPLIST_KEY_UISupportedInterfaceOrientations_iPad = "UIInterfaceOrientationPortrait UIInterfaceOrientationPortraitUpsideDown UIInterfaceOrientationLandscapeLeft UIInterfaceOrientationLandscapeRight";
				INFOPLIST_KEY_UISupportedInterfaceOrientations_iPhone = "UIInterfaceOrientationPortrait UIInterfaceOrientationLandscapeLeft UIInterfaceOrientationLandscapeRight";
				LD_RUNPATH_SEARCH_PATHS = (
					"$(inherited)",
					"@executable_path/Frameworks",
				);
				MARKETING_VERSION = 1.0;
				PRODUCT_BUNDLE_IDENTIFIER = arthurKulik.Messenger;
				PRODUCT_NAME = "$(TARGET_NAME)";
				SWIFT_EMIT_LOC_STRINGS = YES;
				SWIFT_VERSION = 5.0;
				TARGETED_DEVICE_FAMILY = "1,2";
			};
			name = Debug;
		};
		8E19459B2A3269CA00CBB4B4 /* Release */ = {
			isa = XCBuildConfiguration;
			buildSettings = {
				ASSETCATALOG_COMPILER_APPICON_NAME = AppIcon;
				ASSETCATALOG_COMPILER_GLOBAL_ACCENT_COLOR_NAME = AccentColor;
				CODE_SIGN_STYLE = Automatic;
				CURRENT_PROJECT_VERSION = 1;
				DEVELOPMENT_ASSET_PATHS = "\"Messenger/Preview Content\"";
				ENABLE_PREVIEWS = YES;
				GENERATE_INFOPLIST_FILE = YES;
				INFOPLIST_FILE = Messenger/Info.plist;
				INFOPLIST_KEY_UIApplicationSceneManifest_Generation = YES;
				INFOPLIST_KEY_UIApplicationSupportsIndirectInputEvents = YES;
				INFOPLIST_KEY_UILaunchScreen_Generation = YES;
				INFOPLIST_KEY_UISupportedInterfaceOrientations_iPad = "UIInterfaceOrientationPortrait UIInterfaceOrientationPortraitUpsideDown UIInterfaceOrientationLandscapeLeft UIInterfaceOrientationLandscapeRight";
				INFOPLIST_KEY_UISupportedInterfaceOrientations_iPhone = "UIInterfaceOrientationPortrait UIInterfaceOrientationLandscapeLeft UIInterfaceOrientationLandscapeRight";
				LD_RUNPATH_SEARCH_PATHS = (
					"$(inherited)",
					"@executable_path/Frameworks",
				);
				MARKETING_VERSION = 1.0;
				PRODUCT_BUNDLE_IDENTIFIER = arthurKulik.Messenger;
				PRODUCT_NAME = "$(TARGET_NAME)";
				SWIFT_EMIT_LOC_STRINGS = YES;
				SWIFT_VERSION = 5.0;
				TARGETED_DEVICE_FAMILY = "1,2";
			};
			name = Release;
		};
/* End XCBuildConfiguration section */

/* Begin XCConfigurationList section */
		8E1945862A3269C900CBB4B4 /* Build configuration list for PBXProject "Messenger" */ = {
			isa = XCConfigurationList;
			buildConfigurations = (
				8E1945972A3269CA00CBB4B4 /* Debug */,
				8E1945982A3269CA00CBB4B4 /* Release */,
			);
			defaultConfigurationIsVisible = 0;
			defaultConfigurationName = Release;
		};
		8E1945992A3269CA00CBB4B4 /* Build configuration list for PBXNativeTarget "Messenger" */ = {
			isa = XCConfigurationList;
			buildConfigurations = (
				8E19459A2A3269CA00CBB4B4 /* Debug */,
				8E19459B2A3269CA00CBB4B4 /* Release */,
			);
			defaultConfigurationIsVisible = 0;
			defaultConfigurationName = Release;
		};
/* End XCConfigurationList section */

/* Begin XCRemoteSwiftPackageReference section */
		8E9033012A35060000445809 /* XCRemoteSwiftPackageReference "Alamofire" */ = {
			isa = XCRemoteSwiftPackageReference;
			repositoryURL = "https://github.com/Alamofire/Alamofire.git";
			requirement = {
				kind = upToNextMajorVersion;
				minimumVersion = 5.6.4;
			};
		};
/* End XCRemoteSwiftPackageReference section */

/* Begin XCSwiftPackageProductDependency section */
		8E9033022A35060000445809 /* Alamofire */ = {
			isa = XCSwiftPackageProductDependency;
			package = 8E9033012A35060000445809 /* XCRemoteSwiftPackageReference "Alamofire" */;
			productName = Alamofire;
		};
/* End XCSwiftPackageProductDependency section */
	};
	rootObject = 8E1945832A3269C900CBB4B4 /* Project object */;
}
