// !$*UTF8*$!
{
	archiveVersion = 1;
	classes = {
	};
	objectVersion = 56;
	objects = {

/* Begin PBXBuildFile section */
		8E1201552A5B215700BD570E /* BalabobaMessageRequest.swift in Sources */ = {isa = PBXBuildFile; fileRef = 8E1201542A5B215700BD570E /* BalabobaMessageRequest.swift */; };
		8E1201572A5B310700BD570E /* BalabobaService.swift in Sources */ = {isa = PBXBuildFile; fileRef = 8E1201562A5B310700BD570E /* BalabobaService.swift */; };
		8E19458F2A3269C900CBB4B4 /* MessengerApp.swift in Sources */ = {isa = PBXBuildFile; fileRef = 8E19458E2A3269C900CBB4B4 /* MessengerApp.swift */; };
		8E1945932A3269CA00CBB4B4 /* AppIcon.xcassets in Resources */ = {isa = PBXBuildFile; fileRef = 8E1945922A3269CA00CBB4B4 /* AppIcon.xcassets */; };
		8E1945962A3269CA00CBB4B4 /* Preview Assets.xcassets in Resources */ = {isa = PBXBuildFile; fileRef = 8E1945952A3269CA00CBB4B4 /* Preview Assets.xcassets */; };
		8E1945AA2A326C0E00CBB4B4 /* Fonts.swift in Sources */ = {isa = PBXBuildFile; fileRef = 8E1945A92A326C0E00CBB4B4 /* Fonts.swift */; };
		8E1945AC2A326DCA00CBB4B4 /* AuthService.swift in Sources */ = {isa = PBXBuildFile; fileRef = 8E1945AB2A326DCA00CBB4B4 /* AuthService.swift */; };
		8E34C2882A33908B009C40FA /* Constants.swift in Sources */ = {isa = PBXBuildFile; fileRef = 8E34C2872A33908B009C40FA /* Constants.swift */; };
		8E34C28A2A3392F0009C40FA /* RequestModel.swift in Sources */ = {isa = PBXBuildFile; fileRef = 8E34C2892A3392F0009C40FA /* RequestModel.swift */; };
		8E34C28D2A339329009C40FA /* SendAuthCodeRequest.swift in Sources */ = {isa = PBXBuildFile; fileRef = 8E34C28C2A339329009C40FA /* SendAuthCodeRequest.swift */; };
		8E34C2922A33AF0B009C40FA /* SendAuthCodeResponse.swift in Sources */ = {isa = PBXBuildFile; fileRef = 8E34C2912A33AF0B009C40FA /* SendAuthCodeResponse.swift */; };
		8E34C2952A33E776009C40FA /* NetworkManager.swift in Sources */ = {isa = PBXBuildFile; fileRef = 8E34C2942A33E776009C40FA /* NetworkManager.swift */; };
		8E35C0EC2A3FFF96006B67A6 /* iPhoneNumberField in Frameworks */ = {isa = PBXBuildFile; productRef = 8E35C0EB2A3FFF96006B67A6 /* iPhoneNumberField */; };
		8E35C0EE2A4003F6006B67A6 /* Base64Encoder.swift in Sources */ = {isa = PBXBuildFile; fileRef = 8E35C0ED2A4003F6006B67A6 /* Base64Encoder.swift */; };
		8E35C0F02A40132B006B67A6 /* NavigationBarButton.swift in Sources */ = {isa = PBXBuildFile; fileRef = 8E35C0EF2A40132B006B67A6 /* NavigationBarButton.swift */; };
		8E35C0F22A4046FD006B67A6 /* SpecifyTextFilter.swift in Sources */ = {isa = PBXBuildFile; fileRef = 8E35C0F12A4046FD006B67A6 /* SpecifyTextFilter.swift */; };
		8E35C0F42A404F7E006B67A6 /* RefreshTokenRequest.swift in Sources */ = {isa = PBXBuildFile; fileRef = 8E35C0F32A404F7E006B67A6 /* RefreshTokenRequest.swift */; };
		8E35C0F62A40540B006B67A6 /* RefreshTokenResponse.swift in Sources */ = {isa = PBXBuildFile; fileRef = 8E35C0F52A40540B006B67A6 /* RefreshTokenResponse.swift */; };
		8E35C0F82A405F00006B67A6 /* ChatScreenViewModel.swift in Sources */ = {isa = PBXBuildFile; fileRef = 8E35C0F72A405F00006B67A6 /* ChatScreenViewModel.swift */; };
		8E3CEC2D2A3F8A5000BA63FD /* UserFetcher.swift in Sources */ = {isa = PBXBuildFile; fileRef = 8E3CEC2C2A3F8A5000BA63FD /* UserFetcher.swift */; };
		8E3CEC2F2A3F8BD100BA63FD /* CurrentUser.swift in Sources */ = {isa = PBXBuildFile; fileRef = 8E3CEC2E2A3F8BD100BA63FD /* CurrentUser.swift */; };
		8E3CEC312A3F8F9200BA63FD /* DIContainer.swift in Sources */ = {isa = PBXBuildFile; fileRef = 8E3CEC302A3F8F9200BA63FD /* DIContainer.swift */; };
		8E5CA6142A5C1693002E0B33 /* MuseoSansCyrl-500.ttf in Resources */ = {isa = PBXBuildFile; fileRef = 8E5CA6102A5C1693002E0B33 /* MuseoSansCyrl-500.ttf */; };
		8E5CA6152A5C1693002E0B33 /* MuseoSansCyrl-100.ttf in Resources */ = {isa = PBXBuildFile; fileRef = 8E5CA6112A5C1693002E0B33 /* MuseoSansCyrl-100.ttf */; };
		8E5CA6162A5C1693002E0B33 /* MuseoSansCyrl-300.ttf in Resources */ = {isa = PBXBuildFile; fileRef = 8E5CA6122A5C1693002E0B33 /* MuseoSansCyrl-300.ttf */; };
		8E5CA6172A5C1693002E0B33 /* MuseoSansCyrl-700.ttf in Resources */ = {isa = PBXBuildFile; fileRef = 8E5CA6132A5C1693002E0B33 /* MuseoSansCyrl-700.ttf */; };
		8E5CA6192A5C2083002E0B33 /* BalabobaResponse.swift in Sources */ = {isa = PBXBuildFile; fileRef = 8E5CA6182A5C2083002E0B33 /* BalabobaResponse.swift */; };
		8E5CA61B2A5C28B6002E0B33 /* CompanionModel.swift in Sources */ = {isa = PBXBuildFile; fileRef = 8E5CA61A2A5C28B6002E0B33 /* CompanionModel.swift */; };
		8E5CA61D2A5C3BBA002E0B33 /* ChatDatabaseService.swift in Sources */ = {isa = PBXBuildFile; fileRef = 8E5CA61C2A5C3BBA002E0B33 /* ChatDatabaseService.swift */; };
		8E626DE82A38B11C0018AD87 /* Realm in Frameworks */ = {isa = PBXBuildFile; productRef = 8E626DE72A38B11C0018AD87 /* Realm */; };
		8E626DEA2A38B11C0018AD87 /* RealmSwift in Frameworks */ = {isa = PBXBuildFile; productRef = 8E626DE92A38B11C0018AD87 /* RealmSwift */; };
		8E626DED2A38B1560018AD87 /* DatabaseManager.swift in Sources */ = {isa = PBXBuildFile; fileRef = 8E626DEC2A38B1560018AD87 /* DatabaseManager.swift */; };
		8E626DEF2A38B15E0018AD87 /* UserDatabaseService.swift in Sources */ = {isa = PBXBuildFile; fileRef = 8E626DEE2A38B15E0018AD87 /* UserDatabaseService.swift */; };
		8E626DF22A38B78F0018AD87 /* RegistrationView.swift in Sources */ = {isa = PBXBuildFile; fileRef = 8E626DF12A38B78F0018AD87 /* RegistrationView.swift */; };
		8E626DF82A38E20B0018AD87 /* UserRegisterRequest.swift in Sources */ = {isa = PBXBuildFile; fileRef = 8E626DF72A38E20B0018AD87 /* UserRegisterRequest.swift */; };
		8E626DFA2A38E2B90018AD87 /* UserRegisterResponse.swift in Sources */ = {isa = PBXBuildFile; fileRef = 8E626DF92A38E2B90018AD87 /* UserRegisterResponse.swift */; };
		8E626DFF2A38F39E0018AD87 /* UserModel.swift in Sources */ = {isa = PBXBuildFile; fileRef = 8E626DFE2A38F39E0018AD87 /* UserModel.swift */; };
		8E626E012A38F88E0018AD87 /* GetCurrentUserRequest.swift in Sources */ = {isa = PBXBuildFile; fileRef = 8E626E002A38F88E0018AD87 /* GetCurrentUserRequest.swift */; };
		8E626E032A38F9360018AD87 /* RemoteUserService.swift in Sources */ = {isa = PBXBuildFile; fileRef = 8E626E022A38F9360018AD87 /* RemoteUserService.swift */; };
		8E626E052A38F9930018AD87 /* GetCurrentUserResponse.swift in Sources */ = {isa = PBXBuildFile; fileRef = 8E626E042A38F9930018AD87 /* GetCurrentUserResponse.swift */; };
		8E89644F2A3A282100C0243C /* MockChats.swift in Sources */ = {isa = PBXBuildFile; fileRef = 8E89644E2A3A282100C0243C /* MockChats.swift */; };
		8E8964542A3A49A200C0243C /* ChatScreen.swift in Sources */ = {isa = PBXBuildFile; fileRef = 8E8964532A3A49A200C0243C /* ChatScreen.swift */; };
		8E8964572A3A5DF100C0243C /* ShadowModifiers.swift in Sources */ = {isa = PBXBuildFile; fileRef = 8E8964562A3A5DF100C0243C /* ShadowModifiers.swift */; };
		8E8964592A3A63CF00C0243C /* DismissingKeyboardModifier.swift in Sources */ = {isa = PBXBuildFile; fileRef = 8E8964582A3A63CF00C0243C /* DismissingKeyboardModifier.swift */; };
		8E89645B2A3A8DB400C0243C /* FillBackgroundModifier.swift in Sources */ = {isa = PBXBuildFile; fileRef = 8E89645A2A3A8DB400C0243C /* FillBackgroundModifier.swift */; };
		8E89645D2A3A9ABC00C0243C /* ProfileScreen.swift in Sources */ = {isa = PBXBuildFile; fileRef = 8E89645C2A3A9ABC00C0243C /* ProfileScreen.swift */; };
		8E8964622A3AAE6500C0243C /* ProfileScreenViewModel.swift in Sources */ = {isa = PBXBuildFile; fileRef = 8E8964612A3AAE6500C0243C /* ProfileScreenViewModel.swift */; };
		8E8964642A3B6B4400C0243C /* TitledTextField.swift in Sources */ = {isa = PBXBuildFile; fileRef = 8E8964632A3B6B4400C0243C /* TitledTextField.swift */; };
		8E8964682A3BAB9500C0243C /* ZodiacSign.swift in Sources */ = {isa = PBXBuildFile; fileRef = 8E8964672A3BAB9500C0243C /* ZodiacSign.swift */; };
		8E89646A2A3BAFD800C0243C /* DateConversions.swift in Sources */ = {isa = PBXBuildFile; fileRef = 8E8964692A3BAFD800C0243C /* DateConversions.swift */; };
		8E89646D2A3BCCBC00C0243C /* OptionalBinding.swift in Sources */ = {isa = PBXBuildFile; fileRef = 8E89646C2A3BCCBC00C0243C /* OptionalBinding.swift */; };
		8E89646F2A3BE3C900C0243C /* UpdateUserRequest.swift in Sources */ = {isa = PBXBuildFile; fileRef = 8E89646E2A3BE3C900C0243C /* UpdateUserRequest.swift */; };
		8E8964712A3BEABE00C0243C /* UpdateUserResponse.swift in Sources */ = {isa = PBXBuildFile; fileRef = 8E8964702A3BEABE00C0243C /* UpdateUserResponse.swift */; };
		8E9033032A35060000445809 /* Alamofire in Frameworks */ = {isa = PBXBuildFile; productRef = 8E9033022A35060000445809 /* Alamofire */; };
		8E9033072A3545AA00445809 /* Colors.xcassets in Resources */ = {isa = PBXBuildFile; fileRef = 8E9033062A3545AA00445809 /* Colors.xcassets */; };
		8E99B8B12A3D29E0009EBC1A /* ImageFromData.swift in Sources */ = {isa = PBXBuildFile; fileRef = 8E99B8B02A3D29E0009EBC1A /* ImageFromData.swift */; };
		8E9AF5772A3D6BDA000A5531 /* ChatListScreenViewModel.swift in Sources */ = {isa = PBXBuildFile; fileRef = 8E9AF5762A3D6BDA000A5531 /* ChatListScreenViewModel.swift */; };
		8E9B08A12A35FD5D00D1A035 /* ScreenFactory.swift in Sources */ = {isa = PBXBuildFile; fileRef = 8E9B08A02A35FD5D00D1A035 /* ScreenFactory.swift */; };
		8E9B08A42A35FE5100D1A035 /* ApplicationFactory.swift in Sources */ = {isa = PBXBuildFile; fileRef = 8E9B08A32A35FE5100D1A035 /* ApplicationFactory.swift */; };
		8E9B08A72A360F4800D1A035 /* NotificationManager.swift in Sources */ = {isa = PBXBuildFile; fileRef = 8E9B08A62A360F4800D1A035 /* NotificationManager.swift */; };
		8E9B08A92A360F4F00D1A035 /* NotificationService.swift in Sources */ = {isa = PBXBuildFile; fileRef = 8E9B08A82A360F4F00D1A035 /* NotificationService.swift */; };
		8E9B08AB2A36107600D1A035 /* NotificationModel.swift in Sources */ = {isa = PBXBuildFile; fileRef = 8E9B08AA2A36107600D1A035 /* NotificationModel.swift */; };
		8E9B08AD2A36264700D1A035 /* AuthenticationScreen.swift in Sources */ = {isa = PBXBuildFile; fileRef = 8E9B08AC2A36264700D1A035 /* AuthenticationScreen.swift */; };
		8E9B08AF2A36266900D1A035 /* AuthenticationScreenViewModel.swift in Sources */ = {isa = PBXBuildFile; fileRef = 8E9B08AE2A36266900D1A035 /* AuthenticationScreenViewModel.swift */; };
		8E9B08B22A36294A00D1A035 /* NavigationBar.swift in Sources */ = {isa = PBXBuildFile; fileRef = 8E9B08B12A36294A00D1A035 /* NavigationBar.swift */; };
		8E9B08B52A36305500D1A035 /* EnterPhoneNumberView.swift in Sources */ = {isa = PBXBuildFile; fileRef = 8E9B08B42A36305500D1A035 /* EnterPhoneNumberView.swift */; };
		8E9B08B72A36306B00D1A035 /* EnterVerificationCodeView.swift in Sources */ = {isa = PBXBuildFile; fileRef = 8E9B08B62A36306B00D1A035 /* EnterVerificationCodeView.swift */; };
		8E9B08B92A36412300D1A035 /* PhoneNumberTextField.swift in Sources */ = {isa = PBXBuildFile; fileRef = 8E9B08B82A36412300D1A035 /* PhoneNumberTextField.swift */; };
		8E9B08BB2A36459400D1A035 /* StatebleButton.swift in Sources */ = {isa = PBXBuildFile; fileRef = 8E9B08BA2A36459400D1A035 /* StatebleButton.swift */; };
		8E9B08C72A36961900D1A035 /* RoundedBorderModifier.swift in Sources */ = {isa = PBXBuildFile; fileRef = 8E9B08C62A36961900D1A035 /* RoundedBorderModifier.swift */; };
		8E9B08CB2A369E2800D1A035 /* TextModifiers.swift in Sources */ = {isa = PBXBuildFile; fileRef = 8E9B08CA2A369E2800D1A035 /* TextModifiers.swift */; };
		8E9B08CD2A36B82400D1A035 /* VerificationTextField.swift in Sources */ = {isa = PBXBuildFile; fileRef = 8E9B08CC2A36B82400D1A035 /* VerificationTextField.swift */; };
		8E9B08CF2A36C09100D1A035 /* ReadSizeModifier.swift in Sources */ = {isa = PBXBuildFile; fileRef = 8E9B08CE2A36C09100D1A035 /* ReadSizeModifier.swift */; };
		8E9B08D62A37969600D1A035 /* CheckAuthCodeRequest.swift in Sources */ = {isa = PBXBuildFile; fileRef = 8E9B08D52A37969600D1A035 /* CheckAuthCodeRequest.swift */; };
		8E9B08D82A3797DC00D1A035 /* CheckAuthCodeResponse.swift in Sources */ = {isa = PBXBuildFile; fileRef = 8E9B08D72A3797DB00D1A035 /* CheckAuthCodeResponse.swift */; };
		8E9B08DA2A37B0EB00D1A035 /* AlertView.swift in Sources */ = {isa = PBXBuildFile; fileRef = 8E9B08D92A37B0EB00D1A035 /* AlertView.swift */; };
		8E9B08DC2A37BA4400D1A035 /* AppCoordinator.swift in Sources */ = {isa = PBXBuildFile; fileRef = 8E9B08DB2A37BA4400D1A035 /* AppCoordinator.swift */; };
		8E9B08DF2A37C27B00D1A035 /* FlowStacks in Frameworks */ = {isa = PBXBuildFile; productRef = 8E9B08DE2A37C27B00D1A035 /* FlowStacks */; };
		8E9B08E22A37C41E00D1A035 /* ChatListScreen.swift in Sources */ = {isa = PBXBuildFile; fileRef = 8E9B08E12A37C41E00D1A035 /* ChatListScreen.swift */; };
		8E9B08E42A37D81900D1A035 /* Images.xcassets in Resources */ = {isa = PBXBuildFile; fileRef = 8E9B08E32A37D81900D1A035 /* Images.xcassets */; };
		8EDB89382A3E72270067B9C9 /* SessionInfo.swift in Sources */ = {isa = PBXBuildFile; fileRef = 8EDB89372A3E72270067B9C9 /* SessionInfo.swift */; };
		8EDB893A2A3E80FF0067B9C9 /* PublishersError.swift in Sources */ = {isa = PBXBuildFile; fileRef = 8EDB89392A3E80FF0067B9C9 /* PublishersError.swift */; };
		8EDB893D2A3EB04D0067B9C9 /* AuthError.swift in Sources */ = {isa = PBXBuildFile; fileRef = 8EDB893C2A3EB04D0067B9C9 /* AuthError.swift */; };
/* End PBXBuildFile section */

/* Begin PBXFileReference section */
		8E1201542A5B215700BD570E /* BalabobaMessageRequest.swift */ = {isa = PBXFileReference; lastKnownFileType = sourcecode.swift; path = BalabobaMessageRequest.swift; sourceTree = "<group>"; };
		8E1201562A5B310700BD570E /* BalabobaService.swift */ = {isa = PBXFileReference; lastKnownFileType = sourcecode.swift; path = BalabobaService.swift; sourceTree = "<group>"; };
		8E19458B2A3269C900CBB4B4 /* Messenger.app */ = {isa = PBXFileReference; explicitFileType = wrapper.application; includeInIndex = 0; path = Messenger.app; sourceTree = BUILT_PRODUCTS_DIR; };
		8E19458E2A3269C900CBB4B4 /* MessengerApp.swift */ = {isa = PBXFileReference; lastKnownFileType = sourcecode.swift; path = MessengerApp.swift; sourceTree = "<group>"; };
		8E1945922A3269CA00CBB4B4 /* AppIcon.xcassets */ = {isa = PBXFileReference; lastKnownFileType = folder.assetcatalog; path = AppIcon.xcassets; sourceTree = "<group>"; };
		8E1945952A3269CA00CBB4B4 /* Preview Assets.xcassets */ = {isa = PBXFileReference; lastKnownFileType = folder.assetcatalog; path = "Preview Assets.xcassets"; sourceTree = "<group>"; };
		8E1945A62A326AE500CBB4B4 /* Info.plist */ = {isa = PBXFileReference; lastKnownFileType = text.plist; path = Info.plist; sourceTree = "<group>"; };
		8E1945A92A326C0E00CBB4B4 /* Fonts.swift */ = {isa = PBXFileReference; lastKnownFileType = sourcecode.swift; path = Fonts.swift; sourceTree = "<group>"; };
		8E1945AB2A326DCA00CBB4B4 /* AuthService.swift */ = {isa = PBXFileReference; lastKnownFileType = sourcecode.swift; path = AuthService.swift; sourceTree = "<group>"; };
		8E34C2872A33908B009C40FA /* Constants.swift */ = {isa = PBXFileReference; lastKnownFileType = sourcecode.swift; path = Constants.swift; sourceTree = "<group>"; };
		8E34C2892A3392F0009C40FA /* RequestModel.swift */ = {isa = PBXFileReference; lastKnownFileType = sourcecode.swift; path = RequestModel.swift; sourceTree = "<group>"; };
		8E34C28C2A339329009C40FA /* SendAuthCodeRequest.swift */ = {isa = PBXFileReference; lastKnownFileType = sourcecode.swift; path = SendAuthCodeRequest.swift; sourceTree = "<group>"; };
		8E34C2912A33AF0B009C40FA /* SendAuthCodeResponse.swift */ = {isa = PBXFileReference; lastKnownFileType = sourcecode.swift; path = SendAuthCodeResponse.swift; sourceTree = "<group>"; };
		8E34C2942A33E776009C40FA /* NetworkManager.swift */ = {isa = PBXFileReference; lastKnownFileType = sourcecode.swift; path = NetworkManager.swift; sourceTree = "<group>"; };
		8E35C0ED2A4003F6006B67A6 /* Base64Encoder.swift */ = {isa = PBXFileReference; lastKnownFileType = sourcecode.swift; path = Base64Encoder.swift; sourceTree = "<group>"; };
		8E35C0EF2A40132B006B67A6 /* NavigationBarButton.swift */ = {isa = PBXFileReference; lastKnownFileType = sourcecode.swift; path = NavigationBarButton.swift; sourceTree = "<group>"; };
		8E35C0F12A4046FD006B67A6 /* SpecifyTextFilter.swift */ = {isa = PBXFileReference; lastKnownFileType = sourcecode.swift; path = SpecifyTextFilter.swift; sourceTree = "<group>"; };
		8E35C0F32A404F7E006B67A6 /* RefreshTokenRequest.swift */ = {isa = PBXFileReference; lastKnownFileType = sourcecode.swift; path = RefreshTokenRequest.swift; sourceTree = "<group>"; };
		8E35C0F52A40540B006B67A6 /* RefreshTokenResponse.swift */ = {isa = PBXFileReference; lastKnownFileType = sourcecode.swift; path = RefreshTokenResponse.swift; sourceTree = "<group>"; };
		8E35C0F72A405F00006B67A6 /* ChatScreenViewModel.swift */ = {isa = PBXFileReference; lastKnownFileType = sourcecode.swift; path = ChatScreenViewModel.swift; sourceTree = "<group>"; };
		8E3CEC2C2A3F8A5000BA63FD /* UserFetcher.swift */ = {isa = PBXFileReference; lastKnownFileType = sourcecode.swift; path = UserFetcher.swift; sourceTree = "<group>"; };
		8E3CEC2E2A3F8BD100BA63FD /* CurrentUser.swift */ = {isa = PBXFileReference; lastKnownFileType = sourcecode.swift; path = CurrentUser.swift; sourceTree = "<group>"; };
		8E3CEC302A3F8F9200BA63FD /* DIContainer.swift */ = {isa = PBXFileReference; lastKnownFileType = sourcecode.swift; path = DIContainer.swift; sourceTree = "<group>"; };
		8E5CA6102A5C1693002E0B33 /* MuseoSansCyrl-500.ttf */ = {isa = PBXFileReference; lastKnownFileType = file; path = "MuseoSansCyrl-500.ttf"; sourceTree = "<group>"; };
		8E5CA6112A5C1693002E0B33 /* MuseoSansCyrl-100.ttf */ = {isa = PBXFileReference; lastKnownFileType = file; path = "MuseoSansCyrl-100.ttf"; sourceTree = "<group>"; };
		8E5CA6122A5C1693002E0B33 /* MuseoSansCyrl-300.ttf */ = {isa = PBXFileReference; lastKnownFileType = file; path = "MuseoSansCyrl-300.ttf"; sourceTree = "<group>"; };
		8E5CA6132A5C1693002E0B33 /* MuseoSansCyrl-700.ttf */ = {isa = PBXFileReference; lastKnownFileType = file; path = "MuseoSansCyrl-700.ttf"; sourceTree = "<group>"; };
		8E5CA6182A5C2083002E0B33 /* BalabobaResponse.swift */ = {isa = PBXFileReference; lastKnownFileType = sourcecode.swift; path = BalabobaResponse.swift; sourceTree = "<group>"; };
		8E5CA61A2A5C28B6002E0B33 /* CompanionModel.swift */ = {isa = PBXFileReference; lastKnownFileType = sourcecode.swift; path = CompanionModel.swift; sourceTree = "<group>"; };
		8E5CA61C2A5C3BBA002E0B33 /* ChatDatabaseService.swift */ = {isa = PBXFileReference; lastKnownFileType = sourcecode.swift; path = ChatDatabaseService.swift; sourceTree = "<group>"; };
		8E626DEC2A38B1560018AD87 /* DatabaseManager.swift */ = {isa = PBXFileReference; lastKnownFileType = sourcecode.swift; path = DatabaseManager.swift; sourceTree = "<group>"; };
		8E626DEE2A38B15E0018AD87 /* UserDatabaseService.swift */ = {isa = PBXFileReference; lastKnownFileType = sourcecode.swift; path = UserDatabaseService.swift; sourceTree = "<group>"; };
		8E626DF12A38B78F0018AD87 /* RegistrationView.swift */ = {isa = PBXFileReference; lastKnownFileType = sourcecode.swift; path = RegistrationView.swift; sourceTree = "<group>"; };
		8E626DF72A38E20B0018AD87 /* UserRegisterRequest.swift */ = {isa = PBXFileReference; lastKnownFileType = sourcecode.swift; path = UserRegisterRequest.swift; sourceTree = "<group>"; };
		8E626DF92A38E2B90018AD87 /* UserRegisterResponse.swift */ = {isa = PBXFileReference; lastKnownFileType = sourcecode.swift; path = UserRegisterResponse.swift; sourceTree = "<group>"; };
		8E626DFE2A38F39E0018AD87 /* UserModel.swift */ = {isa = PBXFileReference; lastKnownFileType = sourcecode.swift; path = UserModel.swift; sourceTree = "<group>"; };
		8E626E002A38F88E0018AD87 /* GetCurrentUserRequest.swift */ = {isa = PBXFileReference; lastKnownFileType = sourcecode.swift; path = GetCurrentUserRequest.swift; sourceTree = "<group>"; };
		8E626E022A38F9360018AD87 /* RemoteUserService.swift */ = {isa = PBXFileReference; lastKnownFileType = sourcecode.swift; path = RemoteUserService.swift; sourceTree = "<group>"; };
		8E626E042A38F9930018AD87 /* GetCurrentUserResponse.swift */ = {isa = PBXFileReference; lastKnownFileType = sourcecode.swift; path = GetCurrentUserResponse.swift; sourceTree = "<group>"; };
		8E89644E2A3A282100C0243C /* MockChats.swift */ = {isa = PBXFileReference; lastKnownFileType = sourcecode.swift; path = MockChats.swift; sourceTree = "<group>"; };
		8E8964532A3A49A200C0243C /* ChatScreen.swift */ = {isa = PBXFileReference; lastKnownFileType = sourcecode.swift; path = ChatScreen.swift; sourceTree = "<group>"; };
		8E8964562A3A5DF100C0243C /* ShadowModifiers.swift */ = {isa = PBXFileReference; lastKnownFileType = sourcecode.swift; path = ShadowModifiers.swift; sourceTree = "<group>"; };
		8E8964582A3A63CF00C0243C /* DismissingKeyboardModifier.swift */ = {isa = PBXFileReference; lastKnownFileType = sourcecode.swift; path = DismissingKeyboardModifier.swift; sourceTree = "<group>"; };
		8E89645A2A3A8DB400C0243C /* FillBackgroundModifier.swift */ = {isa = PBXFileReference; lastKnownFileType = sourcecode.swift; path = FillBackgroundModifier.swift; sourceTree = "<group>"; };
		8E89645C2A3A9ABC00C0243C /* ProfileScreen.swift */ = {isa = PBXFileReference; lastKnownFileType = sourcecode.swift; path = ProfileScreen.swift; sourceTree = "<group>"; };
		8E8964612A3AAE6500C0243C /* ProfileScreenViewModel.swift */ = {isa = PBXFileReference; lastKnownFileType = sourcecode.swift; path = ProfileScreenViewModel.swift; sourceTree = "<group>"; };
		8E8964632A3B6B4400C0243C /* TitledTextField.swift */ = {isa = PBXFileReference; lastKnownFileType = sourcecode.swift; path = TitledTextField.swift; sourceTree = "<group>"; };
		8E8964672A3BAB9500C0243C /* ZodiacSign.swift */ = {isa = PBXFileReference; lastKnownFileType = sourcecode.swift; path = ZodiacSign.swift; sourceTree = "<group>"; };
		8E8964692A3BAFD800C0243C /* DateConversions.swift */ = {isa = PBXFileReference; lastKnownFileType = sourcecode.swift; path = DateConversions.swift; sourceTree = "<group>"; };
		8E89646C2A3BCCBC00C0243C /* OptionalBinding.swift */ = {isa = PBXFileReference; lastKnownFileType = sourcecode.swift; path = OptionalBinding.swift; sourceTree = "<group>"; };
		8E89646E2A3BE3C900C0243C /* UpdateUserRequest.swift */ = {isa = PBXFileReference; lastKnownFileType = sourcecode.swift; path = UpdateUserRequest.swift; sourceTree = "<group>"; };
		8E8964702A3BEABE00C0243C /* UpdateUserResponse.swift */ = {isa = PBXFileReference; lastKnownFileType = sourcecode.swift; path = UpdateUserResponse.swift; sourceTree = "<group>"; };
		8E9033062A3545AA00445809 /* Colors.xcassets */ = {isa = PBXFileReference; lastKnownFileType = folder.assetcatalog; path = Colors.xcassets; sourceTree = "<group>"; };
		8E99B8B02A3D29E0009EBC1A /* ImageFromData.swift */ = {isa = PBXFileReference; lastKnownFileType = sourcecode.swift; path = ImageFromData.swift; sourceTree = "<group>"; };
		8E9AF5762A3D6BDA000A5531 /* ChatListScreenViewModel.swift */ = {isa = PBXFileReference; lastKnownFileType = sourcecode.swift; path = ChatListScreenViewModel.swift; sourceTree = "<group>"; };
		8E9B08A02A35FD5D00D1A035 /* ScreenFactory.swift */ = {isa = PBXFileReference; lastKnownFileType = sourcecode.swift; path = ScreenFactory.swift; sourceTree = "<group>"; };
		8E9B08A32A35FE5100D1A035 /* ApplicationFactory.swift */ = {isa = PBXFileReference; lastKnownFileType = sourcecode.swift; path = ApplicationFactory.swift; sourceTree = "<group>"; };
		8E9B08A62A360F4800D1A035 /* NotificationManager.swift */ = {isa = PBXFileReference; lastKnownFileType = sourcecode.swift; path = NotificationManager.swift; sourceTree = "<group>"; };
		8E9B08A82A360F4F00D1A035 /* NotificationService.swift */ = {isa = PBXFileReference; lastKnownFileType = sourcecode.swift; path = NotificationService.swift; sourceTree = "<group>"; };
		8E9B08AA2A36107600D1A035 /* NotificationModel.swift */ = {isa = PBXFileReference; lastKnownFileType = sourcecode.swift; path = NotificationModel.swift; sourceTree = "<group>"; };
		8E9B08AC2A36264700D1A035 /* AuthenticationScreen.swift */ = {isa = PBXFileReference; lastKnownFileType = sourcecode.swift; path = AuthenticationScreen.swift; sourceTree = "<group>"; };
		8E9B08AE2A36266900D1A035 /* AuthenticationScreenViewModel.swift */ = {isa = PBXFileReference; lastKnownFileType = sourcecode.swift; path = AuthenticationScreenViewModel.swift; sourceTree = "<group>"; };
		8E9B08B12A36294A00D1A035 /* NavigationBar.swift */ = {isa = PBXFileReference; lastKnownFileType = sourcecode.swift; path = NavigationBar.swift; sourceTree = "<group>"; };
		8E9B08B42A36305500D1A035 /* EnterPhoneNumberView.swift */ = {isa = PBXFileReference; lastKnownFileType = sourcecode.swift; path = EnterPhoneNumberView.swift; sourceTree = "<group>"; };
		8E9B08B62A36306B00D1A035 /* EnterVerificationCodeView.swift */ = {isa = PBXFileReference; lastKnownFileType = sourcecode.swift; path = EnterVerificationCodeView.swift; sourceTree = "<group>"; };
		8E9B08B82A36412300D1A035 /* PhoneNumberTextField.swift */ = {isa = PBXFileReference; lastKnownFileType = sourcecode.swift; path = PhoneNumberTextField.swift; sourceTree = "<group>"; };
		8E9B08BA2A36459400D1A035 /* StatebleButton.swift */ = {isa = PBXFileReference; lastKnownFileType = sourcecode.swift; path = StatebleButton.swift; sourceTree = "<group>"; };
		8E9B08C62A36961900D1A035 /* RoundedBorderModifier.swift */ = {isa = PBXFileReference; lastKnownFileType = sourcecode.swift; path = RoundedBorderModifier.swift; sourceTree = "<group>"; };
		8E9B08CA2A369E2800D1A035 /* TextModifiers.swift */ = {isa = PBXFileReference; lastKnownFileType = sourcecode.swift; path = TextModifiers.swift; sourceTree = "<group>"; };
		8E9B08CC2A36B82400D1A035 /* VerificationTextField.swift */ = {isa = PBXFileReference; lastKnownFileType = sourcecode.swift; path = VerificationTextField.swift; sourceTree = "<group>"; };
		8E9B08CE2A36C09100D1A035 /* ReadSizeModifier.swift */ = {isa = PBXFileReference; lastKnownFileType = sourcecode.swift; path = ReadSizeModifier.swift; sourceTree = "<group>"; };
		8E9B08D52A37969600D1A035 /* CheckAuthCodeRequest.swift */ = {isa = PBXFileReference; lastKnownFileType = sourcecode.swift; path = CheckAuthCodeRequest.swift; sourceTree = "<group>"; };
		8E9B08D72A3797DB00D1A035 /* CheckAuthCodeResponse.swift */ = {isa = PBXFileReference; lastKnownFileType = sourcecode.swift; path = CheckAuthCodeResponse.swift; sourceTree = "<group>"; };
		8E9B08D92A37B0EB00D1A035 /* AlertView.swift */ = {isa = PBXFileReference; lastKnownFileType = sourcecode.swift; path = AlertView.swift; sourceTree = "<group>"; };
		8E9B08DB2A37BA4400D1A035 /* AppCoordinator.swift */ = {isa = PBXFileReference; lastKnownFileType = sourcecode.swift; path = AppCoordinator.swift; sourceTree = "<group>"; };
		8E9B08E12A37C41E00D1A035 /* ChatListScreen.swift */ = {isa = PBXFileReference; lastKnownFileType = sourcecode.swift; path = ChatListScreen.swift; sourceTree = "<group>"; };
		8E9B08E32A37D81900D1A035 /* Images.xcassets */ = {isa = PBXFileReference; lastKnownFileType = folder.assetcatalog; path = Images.xcassets; sourceTree = "<group>"; };
		8EDB89372A3E72270067B9C9 /* SessionInfo.swift */ = {isa = PBXFileReference; lastKnownFileType = sourcecode.swift; path = SessionInfo.swift; sourceTree = "<group>"; };
		8EDB89392A3E80FF0067B9C9 /* PublishersError.swift */ = {isa = PBXFileReference; lastKnownFileType = sourcecode.swift; path = PublishersError.swift; sourceTree = "<group>"; };
		8EDB893C2A3EB04D0067B9C9 /* AuthError.swift */ = {isa = PBXFileReference; lastKnownFileType = sourcecode.swift; path = AuthError.swift; sourceTree = "<group>"; };
/* End PBXFileReference section */

/* Begin PBXFrameworksBuildPhase section */
		8E1945882A3269C900CBB4B4 /* Frameworks */ = {
			isa = PBXFrameworksBuildPhase;
			buildActionMask = 2147483647;
			files = (
				8E626DEA2A38B11C0018AD87 /* RealmSwift in Frameworks */,
				8E9033032A35060000445809 /* Alamofire in Frameworks */,
				8E9B08DF2A37C27B00D1A035 /* FlowStacks in Frameworks */,
				8E35C0EC2A3FFF96006B67A6 /* iPhoneNumberField in Frameworks */,
				8E626DE82A38B11C0018AD87 /* Realm in Frameworks */,
			);
			runOnlyForDeploymentPostprocessing = 0;
		};
/* End PBXFrameworksBuildPhase section */

/* Begin PBXGroup section */
		8E1945822A3269C900CBB4B4 = {
			isa = PBXGroup;
			children = (
				8E19458D2A3269C900CBB4B4 /* Messenger */,
				8E19458C2A3269C900CBB4B4 /* Products */,
			);
			sourceTree = "<group>";
		};
		8E19458C2A3269C900CBB4B4 /* Products */ = {
			isa = PBXGroup;
			children = (
				8E19458B2A3269C900CBB4B4 /* Messenger.app */,
			);
			name = Products;
			sourceTree = "<group>";
		};
		8E19458D2A3269C900CBB4B4 /* Messenger */ = {
			isa = PBXGroup;
			children = (
				8E9032FE2A34E74500445809 /* App */,
				8E99B8AF2A3D012D009EBC1A /* Navigation */,
				8E99B8AE2A3D0110009EBC1A /* Dependencies */,
				8E9B08A22A35FE3D00D1A035 /* Helpers */,
				8E9B08A52A360F3300D1A035 /* Notifications */,
				8E626DEB2A38B1480018AD87 /* Database */,
				8E9033002A35055A00445809 /* Networking */,
				8E89646B2A3BAFDD00C0243C /* Extensions */,
				8E9032FD2A34E73E00445809 /* Screens */,
				8E9B08B02A36293400D1A035 /* UIComponents */,
				8E34C2852A339074009C40FA /* Constants */,
				8E1945A62A326AE500CBB4B4 /* Info.plist */,
				8E1945A72A326BFF00CBB4B4 /* Theme */,
				8E19459C2A3269D700CBB4B4 /* Resources */,
				8E1945942A3269CA00CBB4B4 /* Preview Content */,
			);
			path = Messenger;
			sourceTree = "<group>";
		};
		8E1945942A3269CA00CBB4B4 /* Preview Content */ = {
			isa = PBXGroup;
			children = (
				8E1945952A3269CA00CBB4B4 /* Preview Assets.xcassets */,
			);
			path = "Preview Content";
			sourceTree = "<group>";
		};
		8E19459C2A3269D700CBB4B4 /* Resources */ = {
			isa = PBXGroup;
			children = (
				8E19459D2A3269E000CBB4B4 /* Fonts */,
				8E9033062A3545AA00445809 /* Colors.xcassets */,
				8E9B08E32A37D81900D1A035 /* Images.xcassets */,
				8E1945922A3269CA00CBB4B4 /* AppIcon.xcassets */,
			);
			path = Resources;
			sourceTree = "<group>";
		};
		8E19459D2A3269E000CBB4B4 /* Fonts */ = {
			isa = PBXGroup;
			children = (
				8E5CA6112A5C1693002E0B33 /* MuseoSansCyrl-100.ttf */,
				8E5CA6122A5C1693002E0B33 /* MuseoSansCyrl-300.ttf */,
				8E5CA6102A5C1693002E0B33 /* MuseoSansCyrl-500.ttf */,
				8E5CA6132A5C1693002E0B33 /* MuseoSansCyrl-700.ttf */,
			);
			path = Fonts;
			sourceTree = "<group>";
		};
		8E1945A72A326BFF00CBB4B4 /* Theme */ = {
			isa = PBXGroup;
			children = (
				8E1945A82A326C0600CBB4B4 /* Fonts */,
			);
			path = Theme;
			sourceTree = "<group>";
		};
		8E1945A82A326C0600CBB4B4 /* Fonts */ = {
			isa = PBXGroup;
			children = (
				8E1945A92A326C0E00CBB4B4 /* Fonts.swift */,
			);
			path = Fonts;
			sourceTree = "<group>";
		};
		8E34C2842A338761009C40FA /* RequestModel */ = {
			isa = PBXGroup;
			children = (
				8E34C2892A3392F0009C40FA /* RequestModel.swift */,
				8EDB89372A3E72270067B9C9 /* SessionInfo.swift */,
			);
			path = RequestModel;
			sourceTree = "<group>";
		};
		8E34C2852A339074009C40FA /* Constants */ = {
			isa = PBXGroup;
			children = (
				8E34C2872A33908B009C40FA /* Constants.swift */,
			);
			path = Constants;
			sourceTree = "<group>";
		};
		8E34C28B2A339302009C40FA /* Requests */ = {
			isa = PBXGroup;
			children = (
				8E34C28C2A339329009C40FA /* SendAuthCodeRequest.swift */,
				8E626DF72A38E20B0018AD87 /* UserRegisterRequest.swift */,
				8E9B08D52A37969600D1A035 /* CheckAuthCodeRequest.swift */,
				8E626E002A38F88E0018AD87 /* GetCurrentUserRequest.swift */,
				8E89646E2A3BE3C900C0243C /* UpdateUserRequest.swift */,
				8E35C0F32A404F7E006B67A6 /* RefreshTokenRequest.swift */,
				8E1201542A5B215700BD570E /* BalabobaMessageRequest.swift */,
			);
			path = Requests;
			sourceTree = "<group>";
		};
		8E34C2902A33AD29009C40FA /* Responses */ = {
			isa = PBXGroup;
			children = (
				8E34C2912A33AF0B009C40FA /* SendAuthCodeResponse.swift */,
				8E9B08D72A3797DB00D1A035 /* CheckAuthCodeResponse.swift */,
				8E626DF92A38E2B90018AD87 /* UserRegisterResponse.swift */,
				8E626E042A38F9930018AD87 /* GetCurrentUserResponse.swift */,
				8E8964702A3BEABE00C0243C /* UpdateUserResponse.swift */,
				8E35C0F52A40540B006B67A6 /* RefreshTokenResponse.swift */,
				8E5CA6182A5C2083002E0B33 /* BalabobaResponse.swift */,
			);
			path = Responses;
			sourceTree = "<group>";
		};
		8E626DEB2A38B1480018AD87 /* Database */ = {
			isa = PBXGroup;
			children = (
				8E626DFC2A38F3820018AD87 /* Manager */,
				8E626DFD2A38F3880018AD87 /* Services */,
				8E626DFB2A38F37B0018AD87 /* Model */,
			);
			path = Database;
			sourceTree = "<group>";
		};
		8E626DFB2A38F37B0018AD87 /* Model */ = {
			isa = PBXGroup;
			children = (
				8E626DFE2A38F39E0018AD87 /* UserModel.swift */,
				8E3CEC2E2A3F8BD100BA63FD /* CurrentUser.swift */,
				8E5CA61A2A5C28B6002E0B33 /* CompanionModel.swift */,
			);
			path = Model;
			sourceTree = "<group>";
		};
		8E626DFC2A38F3820018AD87 /* Manager */ = {
			isa = PBXGroup;
			children = (
				8E626DEC2A38B1560018AD87 /* DatabaseManager.swift */,
			);
			path = Manager;
			sourceTree = "<group>";
		};
		8E626DFD2A38F3880018AD87 /* Services */ = {
			isa = PBXGroup;
			children = (
				8E626DEE2A38B15E0018AD87 /* UserDatabaseService.swift */,
				8E5CA61C2A5C3BBA002E0B33 /* ChatDatabaseService.swift */,
			);
			path = Services;
			sourceTree = "<group>";
		};
		8E8964502A3A28F200C0243C /* Model */ = {
			isa = PBXGroup;
			children = (
				8E89644E2A3A282100C0243C /* MockChats.swift */,
			);
			path = Model;
			sourceTree = "<group>";
		};
		8E8964552A3A49AF00C0243C /* ChatScreen */ = {
			isa = PBXGroup;
			children = (
				8E8964532A3A49A200C0243C /* ChatScreen.swift */,
				8E35C0F72A405F00006B67A6 /* ChatScreenViewModel.swift */,
			);
			path = ChatScreen;
			sourceTree = "<group>";
		};
		8E89645E2A3A9ADA00C0243C /* ProfileScreen */ = {
			isa = PBXGroup;
			children = (
				8E89645C2A3A9ABC00C0243C /* ProfileScreen.swift */,
				8E8964612A3AAE6500C0243C /* ProfileScreenViewModel.swift */,
			);
			path = ProfileScreen;
			sourceTree = "<group>";
		};
		8E89646B2A3BAFDD00C0243C /* Extensions */ = {
			isa = PBXGroup;
			children = (
				8E8964692A3BAFD800C0243C /* DateConversions.swift */,
				8E89646C2A3BCCBC00C0243C /* OptionalBinding.swift */,
				8E99B8B02A3D29E0009EBC1A /* ImageFromData.swift */,
				8EDB89392A3E80FF0067B9C9 /* PublishersError.swift */,
				8E35C0ED2A4003F6006B67A6 /* Base64Encoder.swift */,
			);
			path = Extensions;
			sourceTree = "<group>";
		};
		8E9032FD2A34E73E00445809 /* Screens */ = {
			isa = PBXGroup;
			children = (
				8E9B08B32A36301900D1A035 /* AuthorizationScreen */,
				8E9B08E02A37C3A500D1A035 /* ChatListScreen */,
				8E8964552A3A49AF00C0243C /* ChatScreen */,
				8E89645E2A3A9ADA00C0243C /* ProfileScreen */,
			);
			path = Screens;
			sourceTree = "<group>";
		};
		8E9032FE2A34E74500445809 /* App */ = {
			isa = PBXGroup;
			children = (
				8E19458E2A3269C900CBB4B4 /* MessengerApp.swift */,
			);
			path = App;
			sourceTree = "<group>";
		};
		8E9033002A35055A00445809 /* Networking */ = {
			isa = PBXGroup;
			children = (
				8EDB893B2A3EB0400067B9C9 /* Errors */,
				8E34C2842A338761009C40FA /* RequestModel */,
				8E34C28B2A339302009C40FA /* Requests */,
				8E34C2902A33AD29009C40FA /* Responses */,
				8E9B089E2A35F22100D1A035 /* Services */,
				8E9B089F2A35F22800D1A035 /* Manager */,
			);
			path = Networking;
			sourceTree = "<group>";
		};
		8E99B8AE2A3D0110009EBC1A /* Dependencies */ = {
			isa = PBXGroup;
			children = (
				8E3CEC302A3F8F9200BA63FD /* DIContainer.swift */,
				8E9B08A32A35FE5100D1A035 /* ApplicationFactory.swift */,
				8E9B08A02A35FD5D00D1A035 /* ScreenFactory.swift */,
				8E3CEC2C2A3F8A5000BA63FD /* UserFetcher.swift */,
			);
			path = Dependencies;
			sourceTree = "<group>";
		};
		8E99B8AF2A3D012D009EBC1A /* Navigation */ = {
			isa = PBXGroup;
			children = (
				8E9B08DB2A37BA4400D1A035 /* AppCoordinator.swift */,
			);
			path = Navigation;
			sourceTree = "<group>";
		};
		8E9B089E2A35F22100D1A035 /* Services */ = {
			isa = PBXGroup;
			children = (
				8E1945AB2A326DCA00CBB4B4 /* AuthService.swift */,
				8E626E022A38F9360018AD87 /* RemoteUserService.swift */,
				8E1201562A5B310700BD570E /* BalabobaService.swift */,
			);
			path = Services;
			sourceTree = "<group>";
		};
		8E9B089F2A35F22800D1A035 /* Manager */ = {
			isa = PBXGroup;
			children = (
				8E34C2942A33E776009C40FA /* NetworkManager.swift */,
			);
			path = Manager;
			sourceTree = "<group>";
		};
		8E9B08A22A35FE3D00D1A035 /* Helpers */ = {
			isa = PBXGroup;
			children = (
				8E8964672A3BAB9500C0243C /* ZodiacSign.swift */,
			);
			path = Helpers;
			sourceTree = "<group>";
		};
		8E9B08A52A360F3300D1A035 /* Notifications */ = {
			isa = PBXGroup;
			children = (
				8E9B08A62A360F4800D1A035 /* NotificationManager.swift */,
				8E9B08AA2A36107600D1A035 /* NotificationModel.swift */,
				8E9B08A82A360F4F00D1A035 /* NotificationService.swift */,
			);
			path = Notifications;
			sourceTree = "<group>";
		};
		8E9B08B02A36293400D1A035 /* UIComponents */ = {
			isa = PBXGroup;
			children = (
				8E9B08C82A36961D00D1A035 /* Modifiers */,
				8E9B08C92A36963000D1A035 /* Views */,
			);
			path = UIComponents;
			sourceTree = "<group>";
		};
		8E9B08B32A36301900D1A035 /* AuthorizationScreen */ = {
			isa = PBXGroup;
			children = (
				8E9B08D12A36C0C400D1A035 /* View */,
				8E9B08D02A36C0AF00D1A035 /* ViewModel */,
			);
			path = AuthorizationScreen;
			sourceTree = "<group>";
		};
		8E9B08C82A36961D00D1A035 /* Modifiers */ = {
			isa = PBXGroup;
			children = (
				8E9B08C62A36961900D1A035 /* RoundedBorderModifier.swift */,
				8E9B08CA2A369E2800D1A035 /* TextModifiers.swift */,
				8E9B08CE2A36C09100D1A035 /* ReadSizeModifier.swift */,
				8E8964562A3A5DF100C0243C /* ShadowModifiers.swift */,
				8E8964582A3A63CF00C0243C /* DismissingKeyboardModifier.swift */,
				8E89645A2A3A8DB400C0243C /* FillBackgroundModifier.swift */,
				8E35C0F12A4046FD006B67A6 /* SpecifyTextFilter.swift */,
			);
			path = Modifiers;
			sourceTree = "<group>";
		};
		8E9B08C92A36963000D1A035 /* Views */ = {
			isa = PBXGroup;
			children = (
				8E9B08B12A36294A00D1A035 /* NavigationBar.swift */,
				8E35C0EF2A40132B006B67A6 /* NavigationBarButton.swift */,
				8E9B08B82A36412300D1A035 /* PhoneNumberTextField.swift */,
				8E8964632A3B6B4400C0243C /* TitledTextField.swift */,
				8E9B08CC2A36B82400D1A035 /* VerificationTextField.swift */,
				8E9B08BA2A36459400D1A035 /* StatebleButton.swift */,
				8E9B08D92A37B0EB00D1A035 /* AlertView.swift */,
			);
			path = Views;
			sourceTree = "<group>";
		};
		8E9B08D02A36C0AF00D1A035 /* ViewModel */ = {
			isa = PBXGroup;
			children = (
				8E9B08AE2A36266900D1A035 /* AuthenticationScreenViewModel.swift */,
			);
			path = ViewModel;
			sourceTree = "<group>";
		};
		8E9B08D12A36C0C400D1A035 /* View */ = {
			isa = PBXGroup;
			children = (
				8E9B08AC2A36264700D1A035 /* AuthenticationScreen.swift */,
				8E9B08B42A36305500D1A035 /* EnterPhoneNumberView.swift */,
				8E9B08B62A36306B00D1A035 /* EnterVerificationCodeView.swift */,
				8E626DF12A38B78F0018AD87 /* RegistrationView.swift */,
			);
			path = View;
			sourceTree = "<group>";
		};
		8E9B08E02A37C3A500D1A035 /* ChatListScreen */ = {
			isa = PBXGroup;
			children = (
				8E8964502A3A28F200C0243C /* Model */,
				8E9B08E12A37C41E00D1A035 /* ChatListScreen.swift */,
				8E9AF5762A3D6BDA000A5531 /* ChatListScreenViewModel.swift */,
			);
			path = ChatListScreen;
			sourceTree = "<group>";
		};
		8EDB893B2A3EB0400067B9C9 /* Errors */ = {
			isa = PBXGroup;
			children = (
				8EDB893C2A3EB04D0067B9C9 /* AuthError.swift */,
			);
			path = Errors;
			sourceTree = "<group>";
		};
/* End PBXGroup section */

/* Begin PBXNativeTarget section */
		8E19458A2A3269C900CBB4B4 /* Messenger */ = {
			isa = PBXNativeTarget;
			buildConfigurationList = 8E1945992A3269CA00CBB4B4 /* Build configuration list for PBXNativeTarget "Messenger" */;
			buildPhases = (
				8E1945872A3269C900CBB4B4 /* Sources */,
				8E1945882A3269C900CBB4B4 /* Frameworks */,
				8E1945892A3269C900CBB4B4 /* Resources */,
			);
			buildRules = (
			);
			dependencies = (
			);
			name = Messenger;
			packageProductDependencies = (
				8E9033022A35060000445809 /* Alamofire */,
				8E9B08DE2A37C27B00D1A035 /* FlowStacks */,
				8E626DE72A38B11C0018AD87 /* Realm */,
				8E626DE92A38B11C0018AD87 /* RealmSwift */,
				8E35C0EB2A3FFF96006B67A6 /* iPhoneNumberField */,
			);
			productName = Messenger;
			productReference = 8E19458B2A3269C900CBB4B4 /* Messenger.app */;
			productType = "com.apple.product-type.application";
		};
/* End PBXNativeTarget section */

/* Begin PBXProject section */
		8E1945832A3269C900CBB4B4 /* Project object */ = {
			isa = PBXProject;
			attributes = {
				BuildIndependentTargetsInParallel = 1;
				LastSwiftUpdateCheck = 1420;
				LastUpgradeCheck = 1420;
				TargetAttributes = {
					8E19458A2A3269C900CBB4B4 = {
						CreatedOnToolsVersion = 14.2;
					};
				};
			};
			buildConfigurationList = 8E1945862A3269C900CBB4B4 /* Build configuration list for PBXProject "Messenger" */;
			compatibilityVersion = "Xcode 14.0";
			developmentRegion = en;
			hasScannedForEncodings = 0;
			knownRegions = (
				en,
				Base,
			);
			mainGroup = 8E1945822A3269C900CBB4B4;
			packageReferences = (
				8E9033012A35060000445809 /* XCRemoteSwiftPackageReference "Alamofire" */,
				8E9B08DD2A37C27B00D1A035 /* XCRemoteSwiftPackageReference "FlowStacks" */,
				8E626DE62A38B11C0018AD87 /* XCRemoteSwiftPackageReference "realm-swift" */,
				8E35C0EA2A3FFF96006B67A6 /* XCRemoteSwiftPackageReference "iPhoneNumberField" */,
			);
			productRefGroup = 8E19458C2A3269C900CBB4B4 /* Products */;
			projectDirPath = "";
			projectRoot = "";
			targets = (
				8E19458A2A3269C900CBB4B4 /* Messenger */,
			);
		};
/* End PBXProject section */

/* Begin PBXResourcesBuildPhase section */
		8E1945892A3269C900CBB4B4 /* Resources */ = {
			isa = PBXResourcesBuildPhase;
			buildActionMask = 2147483647;
			files = (
				8E5CA6162A5C1693002E0B33 /* MuseoSansCyrl-300.ttf in Resources */,
				8E9B08E42A37D81900D1A035 /* Images.xcassets in Resources */,
				8E5CA6152A5C1693002E0B33 /* MuseoSansCyrl-100.ttf in Resources */,
				8E1945962A3269CA00CBB4B4 /* Preview Assets.xcassets in Resources */,
				8E5CA6142A5C1693002E0B33 /* MuseoSansCyrl-500.ttf in Resources */,
				8E5CA6172A5C1693002E0B33 /* MuseoSansCyrl-700.ttf in Resources */,
				8E1945932A3269CA00CBB4B4 /* AppIcon.xcassets in Resources */,
				8E9033072A3545AA00445809 /* Colors.xcassets in Resources */,
			);
			runOnlyForDeploymentPostprocessing = 0;
		};
/* End PBXResourcesBuildPhase section */

/* Begin PBXSourcesBuildPhase section */
		8E1945872A3269C900CBB4B4 /* Sources */ = {
			isa = PBXSourcesBuildPhase;
			buildActionMask = 2147483647;
			files = (
				8E5CA6192A5C2083002E0B33 /* BalabobaResponse.swift in Sources */,
				8E89646A2A3BAFD800C0243C /* DateConversions.swift in Sources */,
				8E35C0F42A404F7E006B67A6 /* RefreshTokenRequest.swift in Sources */,
				8E34C2952A33E776009C40FA /* NetworkManager.swift in Sources */,
				8E626E012A38F88E0018AD87 /* GetCurrentUserRequest.swift in Sources */,
				8E89644F2A3A282100C0243C /* MockChats.swift in Sources */,
				8E35C0EE2A4003F6006B67A6 /* Base64Encoder.swift in Sources */,
				8E9B08A92A360F4F00D1A035 /* NotificationService.swift in Sources */,
				8E3CEC2F2A3F8BD100BA63FD /* CurrentUser.swift in Sources */,
				8E89645D2A3A9ABC00C0243C /* ProfileScreen.swift in Sources */,
				8E626DF82A38E20B0018AD87 /* UserRegisterRequest.swift in Sources */,
				8E9B08AB2A36107600D1A035 /* NotificationModel.swift in Sources */,
				8E9B08D82A3797DC00D1A035 /* CheckAuthCodeResponse.swift in Sources */,
				8E626E032A38F9360018AD87 /* RemoteUserService.swift in Sources */,
				8E5CA61B2A5C28B6002E0B33 /* CompanionModel.swift in Sources */,
				8E35C0F82A405F00006B67A6 /* ChatScreenViewModel.swift in Sources */,
				8E8964642A3B6B4400C0243C /* TitledTextField.swift in Sources */,
				8E99B8B12A3D29E0009EBC1A /* ImageFromData.swift in Sources */,
				8E34C2882A33908B009C40FA /* Constants.swift in Sources */,
				8E9B08B92A36412300D1A035 /* PhoneNumberTextField.swift in Sources */,
				8EDB893D2A3EB04D0067B9C9 /* AuthError.swift in Sources */,
				8E626DF22A38B78F0018AD87 /* RegistrationView.swift in Sources */,
				8E9B08B22A36294A00D1A035 /* NavigationBar.swift in Sources */,
				8E35C0F62A40540B006B67A6 /* RefreshTokenResponse.swift in Sources */,
				8E8964542A3A49A200C0243C /* ChatScreen.swift in Sources */,
				8E9B08AF2A36266900D1A035 /* AuthenticationScreenViewModel.swift in Sources */,
				8E9B08B52A36305500D1A035 /* EnterPhoneNumberView.swift in Sources */,
				8E8964572A3A5DF100C0243C /* ShadowModifiers.swift in Sources */,
				8E8964712A3BEABE00C0243C /* UpdateUserResponse.swift in Sources */,
				8E9B08E22A37C41E00D1A035 /* ChatListScreen.swift in Sources */,
				8E89645B2A3A8DB400C0243C /* FillBackgroundModifier.swift in Sources */,
				8E9B08A42A35FE5100D1A035 /* ApplicationFactory.swift in Sources */,
				8E8964682A3BAB9500C0243C /* ZodiacSign.swift in Sources */,
				8E1201572A5B310700BD570E /* BalabobaService.swift in Sources */,
				8E9B08B72A36306B00D1A035 /* EnterVerificationCodeView.swift in Sources */,
				8E9B08AD2A36264700D1A035 /* AuthenticationScreen.swift in Sources */,
				8E1945AC2A326DCA00CBB4B4 /* AuthService.swift in Sources */,
				8E9B08BB2A36459400D1A035 /* StatebleButton.swift in Sources */,
				8E34C28D2A339329009C40FA /* SendAuthCodeRequest.swift in Sources */,
				8E9B08A72A360F4800D1A035 /* NotificationManager.swift in Sources */,
				8E1201552A5B215700BD570E /* BalabobaMessageRequest.swift in Sources */,
				8E8964592A3A63CF00C0243C /* DismissingKeyboardModifier.swift in Sources */,
				8E9B08A12A35FD5D00D1A035 /* ScreenFactory.swift in Sources */,
				8E35C0F02A40132B006B67A6 /* NavigationBarButton.swift in Sources */,
				8E9B08C72A36961900D1A035 /* RoundedBorderModifier.swift in Sources */,
				8E89646D2A3BCCBC00C0243C /* OptionalBinding.swift in Sources */,
				8E89646F2A3BE3C900C0243C /* UpdateUserRequest.swift in Sources */,
				8E9B08D62A37969600D1A035 /* CheckAuthCodeRequest.swift in Sources */,
				8E9B08CF2A36C09100D1A035 /* ReadSizeModifier.swift in Sources */,
				8E8964622A3AAE6500C0243C /* ProfileScreenViewModel.swift in Sources */,
				8E9B08DC2A37BA4400D1A035 /* AppCoordinator.swift in Sources */,
				8E626DEF2A38B15E0018AD87 /* UserDatabaseService.swift in Sources */,
				8E9AF5772A3D6BDA000A5531 /* ChatListScreenViewModel.swift in Sources */,
				8EDB893A2A3E80FF0067B9C9 /* PublishersError.swift in Sources */,
				8E1945AA2A326C0E00CBB4B4 /* Fonts.swift in Sources */,
				8E9B08CD2A36B82400D1A035 /* VerificationTextField.swift in Sources */,
				8E34C28A2A3392F0009C40FA /* RequestModel.swift in Sources */,
				8E626DFA2A38E2B90018AD87 /* UserRegisterResponse.swift in Sources */,
				8E3CEC2D2A3F8A5000BA63FD /* UserFetcher.swift in Sources */,
				8E626E052A38F9930018AD87 /* GetCurrentUserResponse.swift in Sources */,
				8E3CEC312A3F8F9200BA63FD /* DIContainer.swift in Sources */,
				8E19458F2A3269C900CBB4B4 /* MessengerApp.swift in Sources */,
				8E9B08DA2A37B0EB00D1A035 /* AlertView.swift in Sources */,
				8E626DED2A38B1560018AD87 /* DatabaseManager.swift in Sources */,
				8E626DFF2A38F39E0018AD87 /* UserModel.swift in Sources */,
				8E34C2922A33AF0B009C40FA /* SendAuthCodeResponse.swift in Sources */,
				8E5CA61D2A5C3BBA002E0B33 /* ChatDatabaseService.swift in Sources */,
				8EDB89382A3E72270067B9C9 /* SessionInfo.swift in Sources */,
				8E9B08CB2A369E2800D1A035 /* TextModifiers.swift in Sources */,
				8E35C0F22A4046FD006B67A6 /* SpecifyTextFilter.swift in Sources */,
			);
			runOnlyForDeploymentPostprocessing = 0;
		};
/* End PBXSourcesBuildPhase section */

/* Begin XCBuildConfiguration section */
		8E1945972A3269CA00CBB4B4 /* Debug */ = {
			isa = XCBuildConfiguration;
			buildSettings = {
				ALWAYS_SEARCH_USER_PATHS = NO;
				CLANG_ANALYZER_NONNULL = YES;
				CLANG_ANALYZER_NUMBER_OBJECT_CONVERSION = YES_AGGRESSIVE;
				CLANG_CXX_LANGUAGE_STANDARD = "gnu++20";
				CLANG_ENABLE_MODULES = YES;
				CLANG_ENABLE_OBJC_ARC = YES;
				CLANG_ENABLE_OBJC_WEAK = YES;
				CLANG_WARN_BLOCK_CAPTURE_AUTORELEASING = YES;
				CLANG_WARN_BOOL_CONVERSION = YES;
				CLANG_WARN_COMMA = YES;
				CLANG_WARN_CONSTANT_CONVERSION = YES;
				CLANG_WARN_DEPRECATED_OBJC_IMPLEMENTATIONS = YES;
				CLANG_WARN_DIRECT_OBJC_ISA_USAGE = YES_ERROR;
				CLANG_WARN_DOCUMENTATION_COMMENTS = YES;
				CLANG_WARN_EMPTY_BODY = YES;
				CLANG_WARN_ENUM_CONVERSION = YES;
				CLANG_WARN_INFINITE_RECURSION = YES;
				CLANG_WARN_INT_CONVERSION = YES;
				CLANG_WARN_NON_LITERAL_NULL_CONVERSION = YES;
				CLANG_WARN_OBJC_IMPLICIT_RETAIN_SELF = YES;
				CLANG_WARN_OBJC_LITERAL_CONVERSION = YES;
				CLANG_WARN_OBJC_ROOT_CLASS = YES_ERROR;
				CLANG_WARN_QUOTED_INCLUDE_IN_FRAMEWORK_HEADER = YES;
				CLANG_WARN_RANGE_LOOP_ANALYSIS = YES;
				CLANG_WARN_STRICT_PROTOTYPES = YES;
				CLANG_WARN_SUSPICIOUS_MOVE = YES;
				CLANG_WARN_UNGUARDED_AVAILABILITY = YES_AGGRESSIVE;
				CLANG_WARN_UNREACHABLE_CODE = YES;
				CLANG_WARN__DUPLICATE_METHOD_MATCH = YES;
				COPY_PHASE_STRIP = NO;
				DEBUG_INFORMATION_FORMAT = dwarf;
				ENABLE_STRICT_OBJC_MSGSEND = YES;
				ENABLE_TESTABILITY = YES;
				GCC_C_LANGUAGE_STANDARD = gnu11;
				GCC_DYNAMIC_NO_PIC = NO;
				GCC_NO_COMMON_BLOCKS = YES;
				GCC_OPTIMIZATION_LEVEL = 0;
				GCC_PREPROCESSOR_DEFINITIONS = (
					"DEBUG=1",
					"$(inherited)",
				);
				GCC_WARN_64_TO_32_BIT_CONVERSION = YES;
				GCC_WARN_ABOUT_RETURN_TYPE = YES_ERROR;
				GCC_WARN_UNDECLARED_SELECTOR = YES;
				GCC_WARN_UNINITIALIZED_AUTOS = YES_AGGRESSIVE;
				GCC_WARN_UNUSED_FUNCTION = YES;
				GCC_WARN_UNUSED_VARIABLE = YES;
				IPHONEOS_DEPLOYMENT_TARGET = 16.2;
				MTL_ENABLE_DEBUG_INFO = INCLUDE_SOURCE;
				MTL_FAST_MATH = YES;
				ONLY_ACTIVE_ARCH = YES;
				SDKROOT = iphoneos;
				SWIFT_ACTIVE_COMPILATION_CONDITIONS = DEBUG;
				SWIFT_OPTIMIZATION_LEVEL = "-Onone";
			};
			name = Debug;
		};
		8E1945982A3269CA00CBB4B4 /* Release */ = {
			isa = XCBuildConfiguration;
			buildSettings = {
				ALWAYS_SEARCH_USER_PATHS = NO;
				CLANG_ANALYZER_NONNULL = YES;
				CLANG_ANALYZER_NUMBER_OBJECT_CONVERSION = YES_AGGRESSIVE;
				CLANG_CXX_LANGUAGE_STANDARD = "gnu++20";
				CLANG_ENABLE_MODULES = YES;
				CLANG_ENABLE_OBJC_ARC = YES;
				CLANG_ENABLE_OBJC_WEAK = YES;
				CLANG_WARN_BLOCK_CAPTURE_AUTORELEASING = YES;
				CLANG_WARN_BOOL_CONVERSION = YES;
				CLANG_WARN_COMMA = YES;
				CLANG_WARN_CONSTANT_CONVERSION = YES;
				CLANG_WARN_DEPRECATED_OBJC_IMPLEMENTATIONS = YES;
				CLANG_WARN_DIRECT_OBJC_ISA_USAGE = YES_ERROR;
				CLANG_WARN_DOCUMENTATION_COMMENTS = YES;
				CLANG_WARN_EMPTY_BODY = YES;
				CLANG_WARN_ENUM_CONVERSION = YES;
				CLANG_WARN_INFINITE_RECURSION = YES;
				CLANG_WARN_INT_CONVERSION = YES;
				CLANG_WARN_NON_LITERAL_NULL_CONVERSION = YES;
				CLANG_WARN_OBJC_IMPLICIT_RETAIN_SELF = YES;
				CLANG_WARN_OBJC_LITERAL_CONVERSION = YES;
				CLANG_WARN_OBJC_ROOT_CLASS = YES_ERROR;
				CLANG_WARN_QUOTED_INCLUDE_IN_FRAMEWORK_HEADER = YES;
				CLANG_WARN_RANGE_LOOP_ANALYSIS = YES;
				CLANG_WARN_STRICT_PROTOTYPES = YES;
				CLANG_WARN_SUSPICIOUS_MOVE = YES;
				CLANG_WARN_UNGUARDED_AVAILABILITY = YES_AGGRESSIVE;
				CLANG_WARN_UNREACHABLE_CODE = YES;
				CLANG_WARN__DUPLICATE_METHOD_MATCH = YES;
				COPY_PHASE_STRIP = NO;
				DEBUG_INFORMATION_FORMAT = "dwarf-with-dsym";
				ENABLE_NS_ASSERTIONS = NO;
				ENABLE_STRICT_OBJC_MSGSEND = YES;
				GCC_C_LANGUAGE_STANDARD = gnu11;
				GCC_NO_COMMON_BLOCKS = YES;
				GCC_WARN_64_TO_32_BIT_CONVERSION = YES;
				GCC_WARN_ABOUT_RETURN_TYPE = YES_ERROR;
				GCC_WARN_UNDECLARED_SELECTOR = YES;
				GCC_WARN_UNINITIALIZED_AUTOS = YES_AGGRESSIVE;
				GCC_WARN_UNUSED_FUNCTION = YES;
				GCC_WARN_UNUSED_VARIABLE = YES;
				IPHONEOS_DEPLOYMENT_TARGET = 16.2;
				MTL_ENABLE_DEBUG_INFO = NO;
				MTL_FAST_MATH = YES;
				SDKROOT = iphoneos;
				SWIFT_COMPILATION_MODE = wholemodule;
				SWIFT_OPTIMIZATION_LEVEL = "-O";
				VALIDATE_PRODUCT = YES;
			};
			name = Release;
		};
		8E19459A2A3269CA00CBB4B4 /* Debug */ = {
			isa = XCBuildConfiguration;
			buildSettings = {
				ASSETCATALOG_COMPILER_APPICON_NAME = AppIcon;
				ASSETCATALOG_COMPILER_GLOBAL_ACCENT_COLOR_NAME = AccentColor;
				CODE_SIGN_STYLE = Automatic;
				CURRENT_PROJECT_VERSION = 1;
				DEVELOPMENT_ASSET_PATHS = "\"Messenger/Preview Content\"";
				ENABLE_PREVIEWS = YES;
				GENERATE_INFOPLIST_FILE = YES;
				INFOPLIST_FILE = Messenger/Info.plist;
				INFOPLIST_KEY_UIApplicationSceneManifest_Generation = YES;
				INFOPLIST_KEY_UIApplicationSupportsIndirectInputEvents = YES;
				INFOPLIST_KEY_UILaunchScreen_Generation = YES;
				INFOPLIST_KEY_UISupportedInterfaceOrientations = UIInterfaceOrientationPortrait;
				INFOPLIST_KEY_UISupportedInterfaceOrientations_iPad = "UIInterfaceOrientationLandscapeLeft UIInterfaceOrientationLandscapeRight UIInterfaceOrientationPortrait UIInterfaceOrientationPortraitUpsideDown";
				LD_RUNPATH_SEARCH_PATHS = (
					"$(inherited)",
					"@executable_path/Frameworks",
				);
				MARKETING_VERSION = 1.0;
				PRODUCT_BUNDLE_IDENTIFIER = arthurKulik.Messenger;
				PRODUCT_NAME = "$(TARGET_NAME)";
				SUPPORTED_PLATFORMS = "iphoneos iphonesimulator";
				SUPPORTS_MACCATALYST = NO;
				SUPPORTS_MAC_DESIGNED_FOR_IPHONE_IPAD = NO;
				SWIFT_EMIT_LOC_STRINGS = YES;
				SWIFT_VERSION = 5.0;
				TARGETED_DEVICE_FAMILY = 1;
			};
			name = Debug;
		};
		8E19459B2A3269CA00CBB4B4 /* Release */ = {
			isa = XCBuildConfiguration;
			buildSettings = {
				ASSETCATALOG_COMPILER_APPICON_NAME = AppIcon;
				ASSETCATALOG_COMPILER_GLOBAL_ACCENT_COLOR_NAME = AccentColor;
				CODE_SIGN_STYLE = Automatic;
				CURRENT_PROJECT_VERSION = 1;
				DEVELOPMENT_ASSET_PATHS = "\"Messenger/Preview Content\"";
				ENABLE_PREVIEWS = YES;
				GENERATE_INFOPLIST_FILE = YES;
				INFOPLIST_FILE = Messenger/Info.plist;
				INFOPLIST_KEY_UIApplicationSceneManifest_Generation = YES;
				INFOPLIST_KEY_UIApplicationSupportsIndirectInputEvents = YES;
				INFOPLIST_KEY_UILaunchScreen_Generation = YES;
				INFOPLIST_KEY_UISupportedInterfaceOrientations = UIInterfaceOrientationPortrait;
				INFOPLIST_KEY_UISupportedInterfaceOrientations_iPad = "UIInterfaceOrientationLandscapeLeft UIInterfaceOrientationLandscapeRight UIInterfaceOrientationPortrait UIInterfaceOrientationPortraitUpsideDown";
				LD_RUNPATH_SEARCH_PATHS = (
					"$(inherited)",
					"@executable_path/Frameworks",
				);
				MARKETING_VERSION = 1.0;
				PRODUCT_BUNDLE_IDENTIFIER = arthurKulik.Messenger;
				PRODUCT_NAME = "$(TARGET_NAME)";
				SUPPORTED_PLATFORMS = "iphoneos iphonesimulator";
				SUPPORTS_MACCATALYST = NO;
				SUPPORTS_MAC_DESIGNED_FOR_IPHONE_IPAD = NO;
				SWIFT_EMIT_LOC_STRINGS = YES;
				SWIFT_VERSION = 5.0;
				TARGETED_DEVICE_FAMILY = 1;
			};
			name = Release;
		};
/* End XCBuildConfiguration section */

/* Begin XCConfigurationList section */
		8E1945862A3269C900CBB4B4 /* Build configuration list for PBXProject "Messenger" */ = {
			isa = XCConfigurationList;
			buildConfigurations = (
				8E1945972A3269CA00CBB4B4 /* Debug */,
				8E1945982A3269CA00CBB4B4 /* Release */,
			);
			defaultConfigurationIsVisible = 0;
			defaultConfigurationName = Release;
		};
		8E1945992A3269CA00CBB4B4 /* Build configuration list for PBXNativeTarget "Messenger" */ = {
			isa = XCConfigurationList;
			buildConfigurations = (
				8E19459A2A3269CA00CBB4B4 /* Debug */,
				8E19459B2A3269CA00CBB4B4 /* Release */,
			);
			defaultConfigurationIsVisible = 0;
			defaultConfigurationName = Release;
		};
/* End XCConfigurationList section */

/* Begin XCRemoteSwiftPackageReference section */
		8E35C0EA2A3FFF96006B67A6 /* XCRemoteSwiftPackageReference "iPhoneNumberField" */ = {
			isa = XCRemoteSwiftPackageReference;
			repositoryURL = "https://github.com/MojtabaHs/iPhoneNumberField.git";
			requirement = {
				branch = main;
				kind = branch;
			};
		};
		8E626DE62A38B11C0018AD87 /* XCRemoteSwiftPackageReference "realm-swift" */ = {
			isa = XCRemoteSwiftPackageReference;
			repositoryURL = "https://github.com/realm/realm-swift.git";
			requirement = {
				branch = master;
				kind = branch;
			};
		};
		8E9033012A35060000445809 /* XCRemoteSwiftPackageReference "Alamofire" */ = {
			isa = XCRemoteSwiftPackageReference;
			repositoryURL = "https://github.com/Alamofire/Alamofire.git";
			requirement = {
				kind = upToNextMajorVersion;
				minimumVersion = 5.6.4;
			};
		};
		8E9B08DD2A37C27B00D1A035 /* XCRemoteSwiftPackageReference "FlowStacks" */ = {
			isa = XCRemoteSwiftPackageReference;
			repositoryURL = "https://github.com/johnpatrickmorgan/FlowStacks";
			requirement = {
				kind = upToNextMajorVersion;
				minimumVersion = 0.3.3;
			};
		};
/* End XCRemoteSwiftPackageReference section */

/* Begin XCSwiftPackageProductDependency section */
		8E35C0EB2A3FFF96006B67A6 /* iPhoneNumberField */ = {
			isa = XCSwiftPackageProductDependency;
			package = 8E35C0EA2A3FFF96006B67A6 /* XCRemoteSwiftPackageReference "iPhoneNumberField" */;
			productName = iPhoneNumberField;
		};
		8E626DE72A38B11C0018AD87 /* Realm */ = {
			isa = XCSwiftPackageProductDependency;
			package = 8E626DE62A38B11C0018AD87 /* XCRemoteSwiftPackageReference "realm-swift" */;
			productName = Realm;
		};
		8E626DE92A38B11C0018AD87 /* RealmSwift */ = {
			isa = XCSwiftPackageProductDependency;
			package = 8E626DE62A38B11C0018AD87 /* XCRemoteSwiftPackageReference "realm-swift" */;
			productName = RealmSwift;
		};
		8E9033022A35060000445809 /* Alamofire */ = {
			isa = XCSwiftPackageProductDependency;
			package = 8E9033012A35060000445809 /* XCRemoteSwiftPackageReference "Alamofire" */;
			productName = Alamofire;
		};
		8E9B08DE2A37C27B00D1A035 /* FlowStacks */ = {
			isa = XCSwiftPackageProductDependency;
			package = 8E9B08DD2A37C27B00D1A035 /* XCRemoteSwiftPackageReference "FlowStacks" */;
			productName = FlowStacks;
		};
/* End XCSwiftPackageProductDependency section */
	};
	rootObject = 8E1945832A3269C900CBB4B4 /* Project object */;
}
